// !$*UTF8*$!
{
	archiveVersion = 1;
	classes = {
	};
	objectVersion = 56;
	objects = {

/* Begin PBXBuildFile section */
		4B066F0C2BEC1404000B0CC1 /* DonutChart.swift in Sources */ = {isa = PBXBuildFile; fileRef = 4B066F0B2BEC1404000B0CC1 /* DonutChart.swift */; };
		4B066F0F2BEC4009000B0CC1 /* StandardStats.swift in Sources */ = {isa = PBXBuildFile; fileRef = 4B066F0E2BEC4009000B0CC1 /* StandardStats.swift */; };
		4B066F112BEC403D000B0CC1 /* RushStats.swift in Sources */ = {isa = PBXBuildFile; fileRef = 4B066F102BEC403D000B0CC1 /* RushStats.swift */; };
		4B066F132BEC407F000B0CC1 /* FrenzyStats.swift in Sources */ = {isa = PBXBuildFile; fileRef = 4B066F122BEC407F000B0CC1 /* FrenzyStats.swift */; };
		4B066F152BEC40BC000B0CC1 /* ZenStats.swift in Sources */ = {isa = PBXBuildFile; fileRef = 4B066F142BEC40BC000B0CC1 /* ZenStats.swift */; };
		4B066F172BEC40F9000B0CC1 /* OverviewStats.swift in Sources */ = {isa = PBXBuildFile; fileRef = 4B066F162BEC40F9000B0CC1 /* OverviewStats.swift */; };
		4B066F1C2BEC4193000B0CC1 /* DisplayData.swift in Sources */ = {isa = PBXBuildFile; fileRef = 4B066F1B2BEC4193000B0CC1 /* DisplayData.swift */; };
		4B066F1E2BEC41C6000B0CC1 /* ChartData.swift in Sources */ = {isa = PBXBuildFile; fileRef = 4B066F1D2BEC41C6000B0CC1 /* ChartData.swift */; };
		4B08AA1F2BC0E40400810F22 /* ScreenSizeUtility.swift in Sources */ = {isa = PBXBuildFile; fileRef = 4B08AA1E2BC0E40400810F22 /* ScreenSizeUtility.swift */; };
		4B092FD02BFEAF0C0005E866 /* GameDialogueViewModel.swift in Sources */ = {isa = PBXBuildFile; fileRef = 4B092FCF2BFEAF0C0005E866 /* GameDialogueViewModel.swift */; };
		4B092FD22BFEB1160005E866 /* PauseView.swift in Sources */ = {isa = PBXBuildFile; fileRef = 4B092FD12BFEB1160005E866 /* PauseView.swift */; };
		4B0BEE8E2BB8E6B10007772B /* WordGameViewModel.swift in Sources */ = {isa = PBXBuildFile; fileRef = 4B0BEE8D2BB8E6B10007772B /* WordGameViewModel.swift */; };
		4B0BEE932BBB836A0007772B /* five_letter_words_medium.txt in Resources */ = {isa = PBXBuildFile; fileRef = 4B0BEE902BBB836A0007772B /* five_letter_words_medium.txt */; };
		4B0BEE942BBB836A0007772B /* five_letter_words_hard.txt in Resources */ = {isa = PBXBuildFile; fileRef = 4B0BEE912BBB836A0007772B /* five_letter_words_hard.txt */; };
		4B0BEE952BBB836A0007772B /* five_letter_words_easy.txt in Resources */ = {isa = PBXBuildFile; fileRef = 4B0BEE922BBB836A0007772B /* five_letter_words_easy.txt */; };
		4B0BEE992BBB85F10007772B /* SplashScreenView.swift in Sources */ = {isa = PBXBuildFile; fileRef = 4B0BEE982BBB85F10007772B /* SplashScreenView.swift */; };
		4B0BEE9B2BBB86220007772B /* MainMenuView.swift in Sources */ = {isa = PBXBuildFile; fileRef = 4B0BEE9A2BBB86220007772B /* MainMenuView.swift */; };
		4B1426C12BDF405500C10659 /* StatsFilterEnum.swift in Sources */ = {isa = PBXBuildFile; fileRef = 4B1426C02BDF405500C10659 /* StatsFilterEnum.swift */; };
		4B14518E2BF5923A00AC667A /* RobotoSlab-Black.ttf in Resources */ = {isa = PBXBuildFile; fileRef = 4B1451802BF5923A00AC667A /* RobotoSlab-Black.ttf */; };
		4B14518F2BF5923A00AC667A /* RobotoSlab-Bold.ttf in Resources */ = {isa = PBXBuildFile; fileRef = 4B1451812BF5923A00AC667A /* RobotoSlab-Bold.ttf */; };
		4B1451902BF5923A00AC667A /* RobotoSlab-ExtraBold.ttf in Resources */ = {isa = PBXBuildFile; fileRef = 4B1451822BF5923A00AC667A /* RobotoSlab-ExtraBold.ttf */; };
		4B1451912BF5923A00AC667A /* RobotoSlab-ExtraLight.ttf in Resources */ = {isa = PBXBuildFile; fileRef = 4B1451832BF5923A00AC667A /* RobotoSlab-ExtraLight.ttf */; };
		4B1451922BF5923A00AC667A /* RobotoSlab-Light.ttf in Resources */ = {isa = PBXBuildFile; fileRef = 4B1451842BF5923A00AC667A /* RobotoSlab-Light.ttf */; };
		4B1451932BF5923A00AC667A /* RobotoSlab-Medium.ttf in Resources */ = {isa = PBXBuildFile; fileRef = 4B1451852BF5923A00AC667A /* RobotoSlab-Medium.ttf */; };
		4B1451942BF5923A00AC667A /* RobotoSlab-Regular.ttf in Resources */ = {isa = PBXBuildFile; fileRef = 4B1451862BF5923A00AC667A /* RobotoSlab-Regular.ttf */; };
		4B1451952BF5923A00AC667A /* RobotoSlab-SemiBold.ttf in Resources */ = {isa = PBXBuildFile; fileRef = 4B1451872BF5923A00AC667A /* RobotoSlab-SemiBold.ttf */; };
		4B1451962BF5923A00AC667A /* RobotoSlab-Thin.ttf in Resources */ = {isa = PBXBuildFile; fileRef = 4B1451882BF5923A00AC667A /* RobotoSlab-Thin.ttf */; };
		4B1451972BF5923A00AC667A /* LICENSE.txt in Resources */ = {isa = PBXBuildFile; fileRef = 4B14518A2BF5923A00AC667A /* LICENSE.txt */; };
		4B1451982BF5923A00AC667A /* README.txt in Resources */ = {isa = PBXBuildFile; fileRef = 4B14518B2BF5923A00AC667A /* README.txt */; };
		4B1451992BF5923A00AC667A /* RobotoSlab-VariableFont_wght.ttf in Resources */ = {isa = PBXBuildFile; fileRef = 4B14518C2BF5923A00AC667A /* RobotoSlab-VariableFont_wght.ttf */; };
		4B14519C2BF5987800AC667A /* FontNames.swift in Sources */ = {isa = PBXBuildFile; fileRef = 4B14519B2BF5987800AC667A /* FontNames.swift */; };
		4B1CD6422C0C1541005B8F0A /* DailyViewModel.swift in Sources */ = {isa = PBXBuildFile; fileRef = 4B1CD6412C0C1541005B8F0A /* DailyViewModel.swift */; };
		4B1CD6442C0FEAA3005B8F0A /* DailySaveModel.swift in Sources */ = {isa = PBXBuildFile; fileRef = 4B1CD6432C0FEAA3005B8F0A /* DailySaveModel.swift */; };
		4B3388912BB4B36400A10A27 /* wordPuzzleApp.swift in Sources */ = {isa = PBXBuildFile; fileRef = 4B3388902BB4B36400A10A27 /* wordPuzzleApp.swift */; };
		4B3388932BB4B36400A10A27 /* GameModeView.swift in Sources */ = {isa = PBXBuildFile; fileRef = 4B3388922BB4B36400A10A27 /* GameModeView.swift */; };
		4B3388952BB4B36600A10A27 /* Assets.xcassets in Resources */ = {isa = PBXBuildFile; fileRef = 4B3388942BB4B36600A10A27 /* Assets.xcassets */; };
		4B3388982BB4B36600A10A27 /* Preview Assets.xcassets in Resources */ = {isa = PBXBuildFile; fileRef = 4B3388972BB4B36600A10A27 /* Preview Assets.xcassets */; };
		4B3388BB2BB4C13300A10A27 /* GuessWordModel.swift in Sources */ = {isa = PBXBuildFile; fileRef = 4B3388BA2BB4C13300A10A27 /* GuessWordModel.swift */; };
		4B3388BE2BB4C1C800A10A27 /* WordsCollection.swift in Sources */ = {isa = PBXBuildFile; fileRef = 4B3388BD2BB4C1C800A10A27 /* WordsCollection.swift */; };
		4B3388C12BB4C4F600A10A27 /* GameBoardView.swift in Sources */ = {isa = PBXBuildFile; fileRef = 4B3388C02BB4C4F600A10A27 /* GameBoardView.swift */; };
		4B3388C32BB4DD9400A10A27 /* KeyboardView.swift in Sources */ = {isa = PBXBuildFile; fileRef = 4B3388C22BB4DD9400A10A27 /* KeyboardView.swift */; };
		4B3388C52BB5ED5300A10A27 /* GameboardViewModel.swift in Sources */ = {isa = PBXBuildFile; fileRef = 4B3388C42BB5ED5300A10A27 /* GameboardViewModel.swift */; };
		4B3388C82BB5F3F900A10A27 /* KeyboardModel.swift in Sources */ = {isa = PBXBuildFile; fileRef = 4B3388C72BB5F3F900A10A27 /* KeyboardModel.swift */; };
		4B3388CA2BB5F62700A10A27 /* KeyboardViewModel.swift in Sources */ = {isa = PBXBuildFile; fileRef = 4B3388C92BB5F62700A10A27 /* KeyboardViewModel.swift */; };
		4B3388D02BB6337300A10A27 /* LetterComparisonEnum.swift in Sources */ = {isa = PBXBuildFile; fileRef = 4B3388CF2BB6337300A10A27 /* LetterComparisonEnum.swift */; };
		4B3388D22BB7583100A10A27 /* WordModel.swift in Sources */ = {isa = PBXBuildFile; fileRef = 4B3388D12BB7583000A10A27 /* WordModel.swift */; };
		4B3388D62BB7A3F800A10A27 /* GameOverView.swift in Sources */ = {isa = PBXBuildFile; fileRef = 4B3388D52BB7A3F800A10A27 /* GameOverView.swift */; };
		4B4FCEB02BEC7633005FC154 /* StatsTextItem.swift in Sources */ = {isa = PBXBuildFile; fileRef = 4B4FCEAF2BEC7633005FC154 /* StatsTextItem.swift */; };
		4B4FCEB32BEEEC8C005FC154 /* OverviewStatsView.swift in Sources */ = {isa = PBXBuildFile; fileRef = 4B4FCEB22BEEEC8C005FC154 /* OverviewStatsView.swift */; };
		4B4FCEB52BEEED83005FC154 /* StandardStatsView.swift in Sources */ = {isa = PBXBuildFile; fileRef = 4B4FCEB42BEEED83005FC154 /* StandardStatsView.swift */; };
		4B4FCEB72BEEEE3E005FC154 /* RushStatsView.swift in Sources */ = {isa = PBXBuildFile; fileRef = 4B4FCEB62BEEEE3E005FC154 /* RushStatsView.swift */; };
		4B4FCEB92BEEEF6D005FC154 /* FrenzyStatsView.swift in Sources */ = {isa = PBXBuildFile; fileRef = 4B4FCEB82BEEEF6D005FC154 /* FrenzyStatsView.swift */; };
		4B4FCEBB2BEEEF90005FC154 /* ZenStatsView.swift in Sources */ = {isa = PBXBuildFile; fileRef = 4B4FCEBA2BEEEF90005FC154 /* ZenStatsView.swift */; };
		4B5DE8992BE2D9A60020F690 /* ThreeDButtonView.swift in Sources */ = {isa = PBXBuildFile; fileRef = 4B5DE8982BE2D9A50020F690 /* ThreeDButtonView.swift */; };
		4B5DE89B2BE352BA0020F690 /* GuessDistributionBarChart.swift in Sources */ = {isa = PBXBuildFile; fileRef = 4B5DE89A2BE352BA0020F690 /* GuessDistributionBarChart.swift */; };
		4B5DE89D2BE6E5CD0020F690 /* StatsSection.swift in Sources */ = {isa = PBXBuildFile; fileRef = 4B5DE89C2BE6E5CD0020F690 /* StatsSection.swift */; };
		4B6808742BDB60E100E8FE34 /* KeyboardEntryTypeEnum.swift in Sources */ = {isa = PBXBuildFile; fileRef = 4B6808732BDB60E100E8FE34 /* KeyboardEntryTypeEnum.swift */; };
		4B6808762BDB6B2A00E8FE34 /* StatsView.swift in Sources */ = {isa = PBXBuildFile; fileRef = 4B6808752BDB6B2A00E8FE34 /* StatsView.swift */; };
		4B6808792BDC6E9200E8FE34 /* StatsValueItem.swift in Sources */ = {isa = PBXBuildFile; fileRef = 4B6808782BDC6E9200E8FE34 /* StatsValueItem.swift */; };
		4B68087B2BDC7AA500E8FE34 /* StatsViewModel.swift in Sources */ = {isa = PBXBuildFile; fileRef = 4B68087A2BDC7AA500E8FE34 /* StatsViewModel.swift */; };
		4B8167D72BC324A400E3978D /* ShakeEffect.swift in Sources */ = {isa = PBXBuildFile; fileRef = 4B8167D62BC324A400E3978D /* ShakeEffect.swift */; };
		4B8167DF2BC6115A00E3978D /* UIColorExtension.swift in Sources */ = {isa = PBXBuildFile; fileRef = 4B8167DE2BC6115A00E3978D /* UIColorExtension.swift */; };
		4B8167E12BC8B59600E3978D /* ZenGameViewModel.swift in Sources */ = {isa = PBXBuildFile; fileRef = 4B8167E02BC8B59600E3978D /* ZenGameViewModel.swift */; };
		4B8167E82BCA0C8300E3978D /* TimerView.swift in Sources */ = {isa = PBXBuildFile; fileRef = 4B8167E72BCA0C8300E3978D /* TimerView.swift */; };
		4B8167EA2BCB31E500E3978D /* StandardGameViewModel.swift in Sources */ = {isa = PBXBuildFile; fileRef = 4B8167E92BCB31E500E3978D /* StandardGameViewModel.swift */; };
		4B8167EE2BCC59CB00E3978D /* RushGameViewModel.swift in Sources */ = {isa = PBXBuildFile; fileRef = 4B8167ED2BCC59CB00E3978D /* RushGameViewModel.swift */; };
		4B8167F02BCC5B1D00E3978D /* FrenzyGameViewModel.swift in Sources */ = {isa = PBXBuildFile; fileRef = 4B8167EF2BCC5B1D00E3978D /* FrenzyGameViewModel.swift */; };
		4B9D37B12BE97FD0007E6F8E /* BaseProtocol.swift in Sources */ = {isa = PBXBuildFile; fileRef = 4B9D37B02BE97FD0007E6F8E /* BaseProtocol.swift */; };
		4B9D37B42BE981E7007E6F8E /* StandardSaveModel.swift in Sources */ = {isa = PBXBuildFile; fileRef = 4B9D37B32BE981E7007E6F8E /* StandardSaveModel.swift */; };
		4B9D37B62BE9832E007E6F8E /* RushSaveModel.swift in Sources */ = {isa = PBXBuildFile; fileRef = 4B9D37B52BE9832E007E6F8E /* RushSaveModel.swift */; };
		4B9D37B82BE9836F007E6F8E /* FrenzySaveModel.swift in Sources */ = {isa = PBXBuildFile; fileRef = 4B9D37B72BE9836F007E6F8E /* FrenzySaveModel.swift */; };
		4B9D37BA2BE983C0007E6F8E /* ZenSaveModel.swift in Sources */ = {isa = PBXBuildFile; fileRef = 4B9D37B92BE983C0007E6F8E /* ZenSaveModel.swift */; };
		4BA4CF332BB7BAB100B9F36B /* GameOverViewModel.swift in Sources */ = {isa = PBXBuildFile; fileRef = 4BA4CF322BB7BAB100B9F36B /* GameOverViewModel.swift */; };
		4BB0BEB62BBC8ABD003BA895 /* BaseComponenetModel.swift in Sources */ = {isa = PBXBuildFile; fileRef = 4BB0BEB52BBC8ABD003BA895 /* BaseComponenetModel.swift */; };
		4BB0BEC32BBF8D1B003BA895 /* GameSelectView.swift in Sources */ = {isa = PBXBuildFile; fileRef = 4BB0BEC22BBF8D1B003BA895 /* GameSelectView.swift */; };
		4BB0BEC52BC0B4AB003BA895 /* TransitionsUtility.swift in Sources */ = {isa = PBXBuildFile; fileRef = 4BB0BEC42BC0B4AB003BA895 /* TransitionsUtility.swift */; };
		4BF6D8EB2BCF3A1E00BEAB39 /* TimerViewModel.swift in Sources */ = {isa = PBXBuildFile; fileRef = 4BF6D8EA2BCF3A1E00BEAB39 /* TimerViewModel.swift */; };
		4BF6D8F42BD2161800BEAB39 /* GameModeOptions.swift in Sources */ = {isa = PBXBuildFile; fileRef = 4BF6D8F32BD2161800BEAB39 /* GameModeOptions.swift */; };
		4BF6D8F62BD22F7800BEAB39 /* MainMenuViewModel.swift in Sources */ = {isa = PBXBuildFile; fileRef = 4BF6D8F52BD22F7800BEAB39 /* MainMenuViewModel.swift */; };
		4BF6D8F82BD22FA500BEAB39 /* GameSelectViewModel.swift in Sources */ = {isa = PBXBuildFile; fileRef = 4BF6D8F72BD22FA500BEAB39 /* GameSelectViewModel.swift */; };
		4BF6D8FB2BD2FE2300BEAB39 /* GameSelectOptionsView.swift in Sources */ = {isa = PBXBuildFile; fileRef = 4BF6D8FA2BD2FE2300BEAB39 /* GameSelectOptionsView.swift */; };
		4BFD3E822BD626B700C0741F /* GameOverModel.swift in Sources */ = {isa = PBXBuildFile; fileRef = 4BFD3E812BD626B700C0741F /* GameOverModel.swift */; };
		4BFD3E842BDB157D00C0741F /* SFAssets.swift in Sources */ = {isa = PBXBuildFile; fileRef = 4BFD3E832BDB157D00C0741F /* SFAssets.swift */; };
		4BFD3E872BDB167300C0741F /* SystemNames.swift in Sources */ = {isa = PBXBuildFile; fileRef = 4BFD3E862BDB167300C0741F /* SystemNames.swift */; };
		4BFD3E892BDB568A00C0741F /* SaveDataModel.swift in Sources */ = {isa = PBXBuildFile; fileRef = 4BFD3E882BDB568A00C0741F /* SaveDataModel.swift */; };
		4BFD3E8B2BDB5A9500C0741F /* GameSettingEnums.swift in Sources */ = {isa = PBXBuildFile; fileRef = 4BFD3E8A2BDB5A9500C0741F /* GameSettingEnums.swift */; };
		4BFD3E8D2BDB5AEF00C0741F /* ActiveViewEnum.swift in Sources */ = {isa = PBXBuildFile; fileRef = 4BFD3E8C2BDB5AEF00C0741F /* ActiveViewEnum.swift */; };
/* End PBXBuildFile section */

/* Begin PBXFileReference section */
		4B066F0B2BEC1404000B0CC1 /* DonutChart.swift */ = {isa = PBXFileReference; lastKnownFileType = sourcecode.swift; path = DonutChart.swift; sourceTree = "<group>"; };
		4B066F0E2BEC4009000B0CC1 /* StandardStats.swift */ = {isa = PBXFileReference; lastKnownFileType = sourcecode.swift; path = StandardStats.swift; sourceTree = "<group>"; };
		4B066F102BEC403D000B0CC1 /* RushStats.swift */ = {isa = PBXFileReference; lastKnownFileType = sourcecode.swift; path = RushStats.swift; sourceTree = "<group>"; };
		4B066F122BEC407F000B0CC1 /* FrenzyStats.swift */ = {isa = PBXFileReference; lastKnownFileType = sourcecode.swift; path = FrenzyStats.swift; sourceTree = "<group>"; };
		4B066F142BEC40BC000B0CC1 /* ZenStats.swift */ = {isa = PBXFileReference; lastKnownFileType = sourcecode.swift; path = ZenStats.swift; sourceTree = "<group>"; };
		4B066F162BEC40F9000B0CC1 /* OverviewStats.swift */ = {isa = PBXFileReference; lastKnownFileType = sourcecode.swift; path = OverviewStats.swift; sourceTree = "<group>"; };
		4B066F1B2BEC4193000B0CC1 /* DisplayData.swift */ = {isa = PBXFileReference; lastKnownFileType = sourcecode.swift; path = DisplayData.swift; sourceTree = "<group>"; };
		4B066F1D2BEC41C6000B0CC1 /* ChartData.swift */ = {isa = PBXFileReference; lastKnownFileType = sourcecode.swift; path = ChartData.swift; sourceTree = "<group>"; };
		4B08AA1E2BC0E40400810F22 /* ScreenSizeUtility.swift */ = {isa = PBXFileReference; lastKnownFileType = sourcecode.swift; path = ScreenSizeUtility.swift; sourceTree = "<group>"; };
		4B092FCF2BFEAF0C0005E866 /* GameDialogueViewModel.swift */ = {isa = PBXFileReference; lastKnownFileType = sourcecode.swift; path = GameDialogueViewModel.swift; sourceTree = "<group>"; };
		4B092FD12BFEB1160005E866 /* PauseView.swift */ = {isa = PBXFileReference; lastKnownFileType = sourcecode.swift; path = PauseView.swift; sourceTree = "<group>"; };
		4B0BEE8D2BB8E6B10007772B /* WordGameViewModel.swift */ = {isa = PBXFileReference; lastKnownFileType = sourcecode.swift; path = WordGameViewModel.swift; sourceTree = "<group>"; };
		4B0BEE902BBB836A0007772B /* five_letter_words_medium.txt */ = {isa = PBXFileReference; fileEncoding = 4; lastKnownFileType = text; name = five_letter_words_medium.txt; path = "../../../Downloads/word lists/five_letter_words_medium.txt"; sourceTree = "<group>"; };
		4B0BEE912BBB836A0007772B /* five_letter_words_hard.txt */ = {isa = PBXFileReference; fileEncoding = 4; lastKnownFileType = text; name = five_letter_words_hard.txt; path = "../../../Downloads/word lists/five_letter_words_hard.txt"; sourceTree = "<group>"; };
		4B0BEE922BBB836A0007772B /* five_letter_words_easy.txt */ = {isa = PBXFileReference; fileEncoding = 4; lastKnownFileType = text; name = five_letter_words_easy.txt; path = "../../../Downloads/word lists/five_letter_words_easy.txt"; sourceTree = "<group>"; };
		4B0BEE982BBB85F10007772B /* SplashScreenView.swift */ = {isa = PBXFileReference; lastKnownFileType = sourcecode.swift; path = SplashScreenView.swift; sourceTree = "<group>"; };
		4B0BEE9A2BBB86220007772B /* MainMenuView.swift */ = {isa = PBXFileReference; lastKnownFileType = sourcecode.swift; path = MainMenuView.swift; sourceTree = "<group>"; };
		4B1426C02BDF405500C10659 /* StatsFilterEnum.swift */ = {isa = PBXFileReference; lastKnownFileType = sourcecode.swift; path = StatsFilterEnum.swift; sourceTree = "<group>"; };
		4B1451802BF5923A00AC667A /* RobotoSlab-Black.ttf */ = {isa = PBXFileReference; lastKnownFileType = file; path = "RobotoSlab-Black.ttf"; sourceTree = "<group>"; };
		4B1451812BF5923A00AC667A /* RobotoSlab-Bold.ttf */ = {isa = PBXFileReference; lastKnownFileType = file; path = "RobotoSlab-Bold.ttf"; sourceTree = "<group>"; };
		4B1451822BF5923A00AC667A /* RobotoSlab-ExtraBold.ttf */ = {isa = PBXFileReference; lastKnownFileType = file; path = "RobotoSlab-ExtraBold.ttf"; sourceTree = "<group>"; };
		4B1451832BF5923A00AC667A /* RobotoSlab-ExtraLight.ttf */ = {isa = PBXFileReference; lastKnownFileType = file; path = "RobotoSlab-ExtraLight.ttf"; sourceTree = "<group>"; };
		4B1451842BF5923A00AC667A /* RobotoSlab-Light.ttf */ = {isa = PBXFileReference; lastKnownFileType = file; path = "RobotoSlab-Light.ttf"; sourceTree = "<group>"; };
		4B1451852BF5923A00AC667A /* RobotoSlab-Medium.ttf */ = {isa = PBXFileReference; lastKnownFileType = file; path = "RobotoSlab-Medium.ttf"; sourceTree = "<group>"; };
		4B1451862BF5923A00AC667A /* RobotoSlab-Regular.ttf */ = {isa = PBXFileReference; lastKnownFileType = file; path = "RobotoSlab-Regular.ttf"; sourceTree = "<group>"; };
		4B1451872BF5923A00AC667A /* RobotoSlab-SemiBold.ttf */ = {isa = PBXFileReference; lastKnownFileType = file; path = "RobotoSlab-SemiBold.ttf"; sourceTree = "<group>"; };
		4B1451882BF5923A00AC667A /* RobotoSlab-Thin.ttf */ = {isa = PBXFileReference; lastKnownFileType = file; path = "RobotoSlab-Thin.ttf"; sourceTree = "<group>"; };
		4B14518A2BF5923A00AC667A /* LICENSE.txt */ = {isa = PBXFileReference; fileEncoding = 4; lastKnownFileType = text; path = LICENSE.txt; sourceTree = "<group>"; };
		4B14518B2BF5923A00AC667A /* README.txt */ = {isa = PBXFileReference; fileEncoding = 4; lastKnownFileType = text; path = README.txt; sourceTree = "<group>"; };
		4B14518C2BF5923A00AC667A /* RobotoSlab-VariableFont_wght.ttf */ = {isa = PBXFileReference; lastKnownFileType = file; path = "RobotoSlab-VariableFont_wght.ttf"; sourceTree = "<group>"; };
		4B14519A2BF5949500AC667A /* wordGame-Info.plist */ = {isa = PBXFileReference; lastKnownFileType = text.plist; path = "wordGame-Info.plist"; sourceTree = "<group>"; };
		4B14519B2BF5987800AC667A /* FontNames.swift */ = {isa = PBXFileReference; lastKnownFileType = sourcecode.swift; path = FontNames.swift; sourceTree = "<group>"; };
		4B1CD6412C0C1541005B8F0A /* DailyViewModel.swift */ = {isa = PBXFileReference; lastKnownFileType = sourcecode.swift; path = DailyViewModel.swift; sourceTree = "<group>"; };
		4B1CD6432C0FEAA3005B8F0A /* DailySaveModel.swift */ = {isa = PBXFileReference; lastKnownFileType = sourcecode.swift; path = DailySaveModel.swift; sourceTree = "<group>"; };
		4B33888D2BB4B36400A10A27 /* wordGame.app */ = {isa = PBXFileReference; explicitFileType = wrapper.application; includeInIndex = 0; path = wordGame.app; sourceTree = BUILT_PRODUCTS_DIR; };
		4B3388902BB4B36400A10A27 /* wordPuzzleApp.swift */ = {isa = PBXFileReference; lastKnownFileType = sourcecode.swift; path = wordPuzzleApp.swift; sourceTree = "<group>"; };
		4B3388922BB4B36400A10A27 /* GameModeView.swift */ = {isa = PBXFileReference; lastKnownFileType = sourcecode.swift; path = GameModeView.swift; sourceTree = "<group>"; };
		4B3388942BB4B36600A10A27 /* Assets.xcassets */ = {isa = PBXFileReference; lastKnownFileType = folder.assetcatalog; path = Assets.xcassets; sourceTree = "<group>"; };
		4B3388972BB4B36600A10A27 /* Preview Assets.xcassets */ = {isa = PBXFileReference; lastKnownFileType = folder.assetcatalog; path = "Preview Assets.xcassets"; sourceTree = "<group>"; };
		4B3388BA2BB4C13300A10A27 /* GuessWordModel.swift */ = {isa = PBXFileReference; lastKnownFileType = sourcecode.swift; path = GuessWordModel.swift; sourceTree = "<group>"; };
		4B3388BD2BB4C1C800A10A27 /* WordsCollection.swift */ = {isa = PBXFileReference; lastKnownFileType = sourcecode.swift; path = WordsCollection.swift; sourceTree = "<group>"; };
		4B3388C02BB4C4F600A10A27 /* GameBoardView.swift */ = {isa = PBXFileReference; lastKnownFileType = sourcecode.swift; path = GameBoardView.swift; sourceTree = "<group>"; };
		4B3388C22BB4DD9400A10A27 /* KeyboardView.swift */ = {isa = PBXFileReference; lastKnownFileType = sourcecode.swift; path = KeyboardView.swift; sourceTree = "<group>"; };
		4B3388C42BB5ED5300A10A27 /* GameboardViewModel.swift */ = {isa = PBXFileReference; lastKnownFileType = sourcecode.swift; path = GameboardViewModel.swift; sourceTree = "<group>"; };
		4B3388C72BB5F3F900A10A27 /* KeyboardModel.swift */ = {isa = PBXFileReference; lastKnownFileType = sourcecode.swift; path = KeyboardModel.swift; sourceTree = "<group>"; };
		4B3388C92BB5F62700A10A27 /* KeyboardViewModel.swift */ = {isa = PBXFileReference; lastKnownFileType = sourcecode.swift; path = KeyboardViewModel.swift; sourceTree = "<group>"; };
		4B3388CF2BB6337300A10A27 /* LetterComparisonEnum.swift */ = {isa = PBXFileReference; lastKnownFileType = sourcecode.swift; path = LetterComparisonEnum.swift; sourceTree = "<group>"; };
		4B3388D12BB7583000A10A27 /* WordModel.swift */ = {isa = PBXFileReference; lastKnownFileType = sourcecode.swift; path = WordModel.swift; sourceTree = "<group>"; };
		4B3388D52BB7A3F800A10A27 /* GameOverView.swift */ = {isa = PBXFileReference; lastKnownFileType = sourcecode.swift; path = GameOverView.swift; sourceTree = "<group>"; };
		4B4FCEAF2BEC7633005FC154 /* StatsTextItem.swift */ = {isa = PBXFileReference; lastKnownFileType = sourcecode.swift; path = StatsTextItem.swift; sourceTree = "<group>"; };
		4B4FCEB22BEEEC8C005FC154 /* OverviewStatsView.swift */ = {isa = PBXFileReference; lastKnownFileType = sourcecode.swift; path = OverviewStatsView.swift; sourceTree = "<group>"; };
		4B4FCEB42BEEED83005FC154 /* StandardStatsView.swift */ = {isa = PBXFileReference; lastKnownFileType = sourcecode.swift; path = StandardStatsView.swift; sourceTree = "<group>"; };
		4B4FCEB62BEEEE3E005FC154 /* RushStatsView.swift */ = {isa = PBXFileReference; lastKnownFileType = sourcecode.swift; path = RushStatsView.swift; sourceTree = "<group>"; };
		4B4FCEB82BEEEF6D005FC154 /* FrenzyStatsView.swift */ = {isa = PBXFileReference; lastKnownFileType = sourcecode.swift; path = FrenzyStatsView.swift; sourceTree = "<group>"; };
		4B4FCEBA2BEEEF90005FC154 /* ZenStatsView.swift */ = {isa = PBXFileReference; lastKnownFileType = sourcecode.swift; path = ZenStatsView.swift; sourceTree = "<group>"; };
		4B5DE8982BE2D9A50020F690 /* ThreeDButtonView.swift */ = {isa = PBXFileReference; lastKnownFileType = sourcecode.swift; path = ThreeDButtonView.swift; sourceTree = "<group>"; };
		4B5DE89A2BE352BA0020F690 /* GuessDistributionBarChart.swift */ = {isa = PBXFileReference; lastKnownFileType = sourcecode.swift; path = GuessDistributionBarChart.swift; sourceTree = "<group>"; };
		4B5DE89C2BE6E5CD0020F690 /* StatsSection.swift */ = {isa = PBXFileReference; lastKnownFileType = sourcecode.swift; path = StatsSection.swift; sourceTree = "<group>"; };
		4B6808732BDB60E100E8FE34 /* KeyboardEntryTypeEnum.swift */ = {isa = PBXFileReference; lastKnownFileType = sourcecode.swift; path = KeyboardEntryTypeEnum.swift; sourceTree = "<group>"; };
		4B6808752BDB6B2A00E8FE34 /* StatsView.swift */ = {isa = PBXFileReference; lastKnownFileType = sourcecode.swift; path = StatsView.swift; sourceTree = "<group>"; };
		4B6808782BDC6E9200E8FE34 /* StatsValueItem.swift */ = {isa = PBXFileReference; lastKnownFileType = sourcecode.swift; path = StatsValueItem.swift; sourceTree = "<group>"; };
		4B68087A2BDC7AA500E8FE34 /* StatsViewModel.swift */ = {isa = PBXFileReference; lastKnownFileType = sourcecode.swift; path = StatsViewModel.swift; sourceTree = "<group>"; };
		4B8167D62BC324A400E3978D /* ShakeEffect.swift */ = {isa = PBXFileReference; lastKnownFileType = sourcecode.swift; path = ShakeEffect.swift; sourceTree = "<group>"; };
		4B8167DE2BC6115A00E3978D /* UIColorExtension.swift */ = {isa = PBXFileReference; lastKnownFileType = sourcecode.swift; path = UIColorExtension.swift; sourceTree = "<group>"; };
		4B8167E02BC8B59600E3978D /* ZenGameViewModel.swift */ = {isa = PBXFileReference; lastKnownFileType = sourcecode.swift; path = ZenGameViewModel.swift; sourceTree = "<group>"; };
		4B8167E72BCA0C8300E3978D /* TimerView.swift */ = {isa = PBXFileReference; lastKnownFileType = sourcecode.swift; path = TimerView.swift; sourceTree = "<group>"; };
		4B8167E92BCB31E500E3978D /* StandardGameViewModel.swift */ = {isa = PBXFileReference; lastKnownFileType = sourcecode.swift; path = StandardGameViewModel.swift; sourceTree = "<group>"; };
		4B8167ED2BCC59CB00E3978D /* RushGameViewModel.swift */ = {isa = PBXFileReference; lastKnownFileType = sourcecode.swift; path = RushGameViewModel.swift; sourceTree = "<group>"; };
		4B8167EF2BCC5B1D00E3978D /* FrenzyGameViewModel.swift */ = {isa = PBXFileReference; lastKnownFileType = sourcecode.swift; path = FrenzyGameViewModel.swift; sourceTree = "<group>"; };
		4B9D37B02BE97FD0007E6F8E /* BaseProtocol.swift */ = {isa = PBXFileReference; lastKnownFileType = sourcecode.swift; path = BaseProtocol.swift; sourceTree = "<group>"; };
		4B9D37B32BE981E7007E6F8E /* StandardSaveModel.swift */ = {isa = PBXFileReference; lastKnownFileType = sourcecode.swift; path = StandardSaveModel.swift; sourceTree = "<group>"; };
		4B9D37B52BE9832E007E6F8E /* RushSaveModel.swift */ = {isa = PBXFileReference; lastKnownFileType = sourcecode.swift; path = RushSaveModel.swift; sourceTree = "<group>"; };
		4B9D37B72BE9836F007E6F8E /* FrenzySaveModel.swift */ = {isa = PBXFileReference; lastKnownFileType = sourcecode.swift; path = FrenzySaveModel.swift; sourceTree = "<group>"; };
		4B9D37B92BE983C0007E6F8E /* ZenSaveModel.swift */ = {isa = PBXFileReference; lastKnownFileType = sourcecode.swift; path = ZenSaveModel.swift; sourceTree = "<group>"; };
		4BA4CF322BB7BAB100B9F36B /* GameOverViewModel.swift */ = {isa = PBXFileReference; lastKnownFileType = sourcecode.swift; path = GameOverViewModel.swift; sourceTree = "<group>"; };
		4BB0BEB52BBC8ABD003BA895 /* BaseComponenetModel.swift */ = {isa = PBXFileReference; lastKnownFileType = sourcecode.swift; path = BaseComponenetModel.swift; sourceTree = "<group>"; };
		4BB0BEC22BBF8D1B003BA895 /* GameSelectView.swift */ = {isa = PBXFileReference; lastKnownFileType = sourcecode.swift; path = GameSelectView.swift; sourceTree = "<group>"; };
		4BB0BEC42BC0B4AB003BA895 /* TransitionsUtility.swift */ = {isa = PBXFileReference; lastKnownFileType = sourcecode.swift; path = TransitionsUtility.swift; sourceTree = "<group>"; };
		4BF6D8EA2BCF3A1E00BEAB39 /* TimerViewModel.swift */ = {isa = PBXFileReference; lastKnownFileType = sourcecode.swift; path = TimerViewModel.swift; sourceTree = "<group>"; };
		4BF6D8F32BD2161800BEAB39 /* GameModeOptions.swift */ = {isa = PBXFileReference; lastKnownFileType = sourcecode.swift; path = GameModeOptions.swift; sourceTree = "<group>"; };
		4BF6D8F52BD22F7800BEAB39 /* MainMenuViewModel.swift */ = {isa = PBXFileReference; lastKnownFileType = sourcecode.swift; path = MainMenuViewModel.swift; sourceTree = "<group>"; };
		4BF6D8F72BD22FA500BEAB39 /* GameSelectViewModel.swift */ = {isa = PBXFileReference; lastKnownFileType = sourcecode.swift; path = GameSelectViewModel.swift; sourceTree = "<group>"; };
		4BF6D8FA2BD2FE2300BEAB39 /* GameSelectOptionsView.swift */ = {isa = PBXFileReference; lastKnownFileType = sourcecode.swift; path = GameSelectOptionsView.swift; sourceTree = "<group>"; };
		4BFD3E812BD626B700C0741F /* GameOverModel.swift */ = {isa = PBXFileReference; lastKnownFileType = sourcecode.swift; path = GameOverModel.swift; sourceTree = "<group>"; };
		4BFD3E832BDB157D00C0741F /* SFAssets.swift */ = {isa = PBXFileReference; lastKnownFileType = sourcecode.swift; path = SFAssets.swift; sourceTree = "<group>"; };
		4BFD3E862BDB167300C0741F /* SystemNames.swift */ = {isa = PBXFileReference; lastKnownFileType = sourcecode.swift; path = SystemNames.swift; sourceTree = "<group>"; };
		4BFD3E882BDB568A00C0741F /* SaveDataModel.swift */ = {isa = PBXFileReference; lastKnownFileType = sourcecode.swift; path = SaveDataModel.swift; sourceTree = "<group>"; };
		4BFD3E8A2BDB5A9500C0741F /* GameSettingEnums.swift */ = {isa = PBXFileReference; lastKnownFileType = sourcecode.swift; path = GameSettingEnums.swift; sourceTree = "<group>"; };
		4BFD3E8C2BDB5AEF00C0741F /* ActiveViewEnum.swift */ = {isa = PBXFileReference; lastKnownFileType = sourcecode.swift; path = ActiveViewEnum.swift; sourceTree = "<group>"; };
/* End PBXFileReference section */

/* Begin PBXFrameworksBuildPhase section */
		4B33888A2BB4B36400A10A27 /* Frameworks */ = {
			isa = PBXFrameworksBuildPhase;
			buildActionMask = 2147483647;
			files = (
			);
			runOnlyForDeploymentPostprocessing = 0;
		};
/* End PBXFrameworksBuildPhase section */

/* Begin PBXGroup section */
		4B066F0D2BEC3FD0000B0CC1 /* Stats and Charts */ = {
			isa = PBXGroup;
			children = (
				4B68087A2BDC7AA500E8FE34 /* StatsViewModel.swift */,
				4B6808772BDC6E6300E8FE34 /* Views */,
				4B066F1A2BEC417B000B0CC1 /* Charts */,
				4B066F182BEC4111000B0CC1 /* Stats Models */,
			);
			path = "Stats and Charts";
			sourceTree = "<group>";
		};
		4B066F182BEC4111000B0CC1 /* Stats Models */ = {
			isa = PBXGroup;
			children = (
				4B066F0E2BEC4009000B0CC1 /* StandardStats.swift */,
				4B066F102BEC403D000B0CC1 /* RushStats.swift */,
				4B066F122BEC407F000B0CC1 /* FrenzyStats.swift */,
				4B066F142BEC40BC000B0CC1 /* ZenStats.swift */,
				4B066F162BEC40F9000B0CC1 /* OverviewStats.swift */,
			);
			path = "Stats Models";
			sourceTree = "<group>";
		};
		4B066F192BEC4127000B0CC1 /* Swift Data */ = {
			isa = PBXGroup;
			children = (
				4B9D37B22BE981AF007E6F8E /* Save Models */,
			);
			path = "Swift Data";
			sourceTree = "<group>";
		};
		4B066F1A2BEC417B000B0CC1 /* Charts */ = {
			isa = PBXGroup;
			children = (
				4B066F1B2BEC4193000B0CC1 /* DisplayData.swift */,
				4B066F1D2BEC41C6000B0CC1 /* ChartData.swift */,
			);
			path = Charts;
			sourceTree = "<group>";
		};
		4B08AA202BC1EB7E00810F22 /* Utilities */ = {
			isa = PBXGroup;
			children = (
				4BB0BEC42BC0B4AB003BA895 /* TransitionsUtility.swift */,
				4B08AA1E2BC0E40400810F22 /* ScreenSizeUtility.swift */,
				4B8167D62BC324A400E3978D /* ShakeEffect.swift */,
				4B8167DE2BC6115A00E3978D /* UIColorExtension.swift */,
			);
			path = Utilities;
			sourceTree = "<group>";
		};
		4B0BEE8F2BBB83470007772B /* Word Lists */ = {
			isa = PBXGroup;
			children = (
				4B0BEE922BBB836A0007772B /* five_letter_words_easy.txt */,
				4B0BEE912BBB836A0007772B /* five_letter_words_hard.txt */,
				4B0BEE902BBB836A0007772B /* five_letter_words_medium.txt */,
			);
			path = "Word Lists";
			sourceTree = "<group>";
		};
		4B1426BF2BDF1E6900C10659 /* Settings Models */ = {
			isa = PBXGroup;
			children = (
				4BF6D8F32BD2161800BEAB39 /* GameModeOptions.swift */,
				4BFD3E812BD626B700C0741F /* GameOverModel.swift */,
				4BFD3E882BDB568A00C0741F /* SaveDataModel.swift */,
			);
			path = "Settings Models";
			sourceTree = "<group>";
		};
		4B1451892BF5923A00AC667A /* static */ = {
			isa = PBXGroup;
			children = (
				4B1451802BF5923A00AC667A /* RobotoSlab-Black.ttf */,
				4B1451812BF5923A00AC667A /* RobotoSlab-Bold.ttf */,
				4B1451822BF5923A00AC667A /* RobotoSlab-ExtraBold.ttf */,
				4B1451832BF5923A00AC667A /* RobotoSlab-ExtraLight.ttf */,
				4B1451842BF5923A00AC667A /* RobotoSlab-Light.ttf */,
				4B1451852BF5923A00AC667A /* RobotoSlab-Medium.ttf */,
				4B1451862BF5923A00AC667A /* RobotoSlab-Regular.ttf */,
				4B1451872BF5923A00AC667A /* RobotoSlab-SemiBold.ttf */,
				4B1451882BF5923A00AC667A /* RobotoSlab-Thin.ttf */,
			);
			path = static;
			sourceTree = "<group>";
		};
		4B14518D2BF5923A00AC667A /* Roboto_Slab */ = {
			isa = PBXGroup;
			children = (
				4B1451892BF5923A00AC667A /* static */,
				4B14518A2BF5923A00AC667A /* LICENSE.txt */,
				4B14518B2BF5923A00AC667A /* README.txt */,
				4B14518C2BF5923A00AC667A /* RobotoSlab-VariableFont_wght.ttf */,
			);
			path = Roboto_Slab;
			sourceTree = "<group>";
		};
		4B3388842BB4B36400A10A27 = {
			isa = PBXGroup;
			children = (
				4B14519A2BF5949500AC667A /* wordGame-Info.plist */,
				4B14518D2BF5923A00AC667A /* Roboto_Slab */,
				4B4FCEBD2BF576F9005FC154 /* Main Menu */,
				4B066F192BEC4127000B0CC1 /* Swift Data */,
				4B066F0D2BEC3FD0000B0CC1 /* Stats and Charts */,
				4BFD3E852BDB163F00C0741F /* Assets */,
				4B08AA202BC1EB7E00810F22 /* Utilities */,
				4B0BEE8F2BBB83470007772B /* Word Lists */,
				4B3388C62BB5F0AF00A10A27 /* ViewModels */,
				4B3388BF2BB4C4CC00A10A27 /* Views */,
				4B3388BC2BB4C16D00A10A27 /* Models */,
				4B33888F2BB4B36400A10A27 /* WordPuzzle */,
				4B33888E2BB4B36400A10A27 /* Products */,
			);
			sourceTree = "<group>";
		};
		4B33888E2BB4B36400A10A27 /* Products */ = {
			isa = PBXGroup;
			children = (
				4B33888D2BB4B36400A10A27 /* wordGame.app */,
			);
			name = Products;
			sourceTree = "<group>";
		};
		4B33888F2BB4B36400A10A27 /* WordPuzzle */ = {
			isa = PBXGroup;
			children = (
				4B3388962BB4B36600A10A27 /* Preview Content */,
				4B3388902BB4B36400A10A27 /* wordPuzzleApp.swift */,
			);
			path = WordPuzzle;
			sourceTree = "<group>";
		};
		4B3388962BB4B36600A10A27 /* Preview Content */ = {
			isa = PBXGroup;
			children = (
				4B3388972BB4B36600A10A27 /* Preview Assets.xcassets */,
			);
			path = "Preview Content";
			sourceTree = "<group>";
		};
		4B3388BC2BB4C16D00A10A27 /* Models */ = {
			isa = PBXGroup;
			children = (
				4B1426BF2BDF1E6900C10659 /* Settings Models */,
				4BB0BEC12BBF891B003BA895 /* Component Models */,
				4BB0BEC02BBF8904003BA895 /* Word Models */,
			);
			path = Models;
			sourceTree = "<group>";
		};
		4B3388BF2BB4C4CC00A10A27 /* Views */ = {
			isa = PBXGroup;
			children = (
				4B092FD12BFEB1160005E866 /* PauseView.swift */,
				4B0BEE982BBB85F10007772B /* SplashScreenView.swift */,
				4B3388922BB4B36400A10A27 /* GameModeView.swift */,
				4BA4CF342BB8E4BD00B9F36B /* Component Views */,
			);
			path = Views;
			sourceTree = "<group>";
		};
		4B3388C62BB5F0AF00A10A27 /* ViewModels */ = {
			isa = PBXGroup;
			children = (
				4BF6D8F92BD236FA00BEAB39 /* MenuScreens */,
				4B8167EC2BCB63DC00E3978D /* Components */,
				4B8167EB2BCB63CB00E3978D /* GameModes */,
				4B092FCF2BFEAF0C0005E866 /* GameDialogueViewModel.swift */,
			);
			path = ViewModels;
			sourceTree = "<group>";
		};
		4B4FCEB12BEEEC64005FC154 /* Stats Sections */ = {
			isa = PBXGroup;
			children = (
				4B4FCEB22BEEEC8C005FC154 /* OverviewStatsView.swift */,
				4B4FCEB42BEEED83005FC154 /* StandardStatsView.swift */,
				4B4FCEB62BEEEE3E005FC154 /* RushStatsView.swift */,
				4B4FCEB82BEEEF6D005FC154 /* FrenzyStatsView.swift */,
				4B4FCEBA2BEEEF90005FC154 /* ZenStatsView.swift */,
			);
			path = "Stats Sections";
			sourceTree = "<group>";
		};
		4B4FCEBC2BEEF818005FC154 /* Charts */ = {
			isa = PBXGroup;
			children = (
				4B5DE89A2BE352BA0020F690 /* GuessDistributionBarChart.swift */,
				4B066F0B2BEC1404000B0CC1 /* DonutChart.swift */,
			);
			path = Charts;
			sourceTree = "<group>";
		};
		4B4FCEBD2BF576F9005FC154 /* Main Menu */ = {
			isa = PBXGroup;
			children = (
				4B4FCEBF2BF57732005FC154 /* Views */,
				4B4FCEBE2BF57724005FC154 /* View Models */,
			);
			path = "Main Menu";
			sourceTree = "<group>";
		};
		4B4FCEBE2BF57724005FC154 /* View Models */ = {
			isa = PBXGroup;
			children = (
				4BF6D8F52BD22F7800BEAB39 /* MainMenuViewModel.swift */,
				4BF6D8F72BD22FA500BEAB39 /* GameSelectViewModel.swift */,
			);
			path = "View Models";
			sourceTree = "<group>";
		};
		4B4FCEBF2BF57732005FC154 /* Views */ = {
			isa = PBXGroup;
			children = (
				4B0BEE9A2BBB86220007772B /* MainMenuView.swift */,
				4BB0BEC22BBF8D1B003BA895 /* GameSelectView.swift */,
				4BF6D8FA2BD2FE2300BEAB39 /* GameSelectOptionsView.swift */,
			);
			path = Views;
			sourceTree = "<group>";
		};
		4B6808722BDB60A200E8FE34 /* Enums */ = {
			isa = PBXGroup;
			children = (
				4BFD3E8A2BDB5A9500C0741F /* GameSettingEnums.swift */,
				4BFD3E8C2BDB5AEF00C0741F /* ActiveViewEnum.swift */,
				4B3388CF2BB6337300A10A27 /* LetterComparisonEnum.swift */,
				4B6808732BDB60E100E8FE34 /* KeyboardEntryTypeEnum.swift */,
				4B1426C02BDF405500C10659 /* StatsFilterEnum.swift */,
			);
			path = Enums;
			sourceTree = "<group>";
		};
		4B6808772BDC6E6300E8FE34 /* Views */ = {
			isa = PBXGroup;
			children = (
				4B4FCEBC2BEEF818005FC154 /* Charts */,
				4B4FCEB12BEEEC64005FC154 /* Stats Sections */,
				4B6808752BDB6B2A00E8FE34 /* StatsView.swift */,
				4B6808782BDC6E9200E8FE34 /* StatsValueItem.swift */,
				4B5DE89C2BE6E5CD0020F690 /* StatsSection.swift */,
				4B4FCEAF2BEC7633005FC154 /* StatsTextItem.swift */,
			);
			path = Views;
			sourceTree = "<group>";
		};
		4B8167EB2BCB63CB00E3978D /* GameModes */ = {
			isa = PBXGroup;
			children = (
				4B0BEE8D2BB8E6B10007772B /* WordGameViewModel.swift */,
				4B8167E02BC8B59600E3978D /* ZenGameViewModel.swift */,
				4B8167E92BCB31E500E3978D /* StandardGameViewModel.swift */,
				4B8167ED2BCC59CB00E3978D /* RushGameViewModel.swift */,
				4B8167EF2BCC5B1D00E3978D /* FrenzyGameViewModel.swift */,
				4B1CD6412C0C1541005B8F0A /* DailyViewModel.swift */,
			);
			path = GameModes;
			sourceTree = "<group>";
		};
		4B8167EC2BCB63DC00E3978D /* Components */ = {
			isa = PBXGroup;
			children = (
				4B3388C42BB5ED5300A10A27 /* GameboardViewModel.swift */,
				4B3388C92BB5F62700A10A27 /* KeyboardViewModel.swift */,
				4BF6D8EA2BCF3A1E00BEAB39 /* TimerViewModel.swift */,
			);
			path = Components;
			sourceTree = "<group>";
		};
		4B9D37B22BE981AF007E6F8E /* Save Models */ = {
			isa = PBXGroup;
			children = (
				4B9D37B02BE97FD0007E6F8E /* BaseProtocol.swift */,
				4B9D37B32BE981E7007E6F8E /* StandardSaveModel.swift */,
				4B9D37B52BE9832E007E6F8E /* RushSaveModel.swift */,
				4B9D37B72BE9836F007E6F8E /* FrenzySaveModel.swift */,
				4B9D37B92BE983C0007E6F8E /* ZenSaveModel.swift */,
				4B1CD6432C0FEAA3005B8F0A /* DailySaveModel.swift */,
			);
			path = "Save Models";
			sourceTree = "<group>";
		};
		4BA4CF342BB8E4BD00B9F36B /* Component Views */ = {
			isa = PBXGroup;
			children = (
				4B3388C02BB4C4F600A10A27 /* GameBoardView.swift */,
				4B3388C22BB4DD9400A10A27 /* KeyboardView.swift */,
				4B3388D52BB7A3F800A10A27 /* GameOverView.swift */,
				4B8167E72BCA0C8300E3978D /* TimerView.swift */,
				4B5DE8982BE2D9A50020F690 /* ThreeDButtonView.swift */,
			);
			path = "Component Views";
			sourceTree = "<group>";
		};
		4BB0BEC02BBF8904003BA895 /* Word Models */ = {
			isa = PBXGroup;
			children = (
				4B3388D12BB7583000A10A27 /* WordModel.swift */,
				4B3388BD2BB4C1C800A10A27 /* WordsCollection.swift */,
				4B3388BA2BB4C13300A10A27 /* GuessWordModel.swift */,
			);
			path = "Word Models";
			sourceTree = "<group>";
		};
		4BB0BEC12BBF891B003BA895 /* Component Models */ = {
			isa = PBXGroup;
			children = (
				4BB0BEB52BBC8ABD003BA895 /* BaseComponenetModel.swift */,
				4B3388C72BB5F3F900A10A27 /* KeyboardModel.swift */,
			);
			path = "Component Models";
			sourceTree = "<group>";
		};
		4BF6D8F92BD236FA00BEAB39 /* MenuScreens */ = {
			isa = PBXGroup;
			children = (
				4BA4CF322BB7BAB100B9F36B /* GameOverViewModel.swift */,
			);
			path = MenuScreens;
			sourceTree = "<group>";
		};
		4BFD3E852BDB163F00C0741F /* Assets */ = {
			isa = PBXGroup;
			children = (
				4B6808722BDB60A200E8FE34 /* Enums */,
				4B3388942BB4B36600A10A27 /* Assets.xcassets */,
				4BFD3E832BDB157D00C0741F /* SFAssets.swift */,
				4BFD3E862BDB167300C0741F /* SystemNames.swift */,
				4B14519B2BF5987800AC667A /* FontNames.swift */,
			);
			path = Assets;
			sourceTree = "<group>";
		};
/* End PBXGroup section */

/* Begin PBXNativeTarget section */
		4B33888C2BB4B36400A10A27 /* wordGame */ = {
			isa = PBXNativeTarget;
			buildConfigurationList = 4B3388B12BB4B36600A10A27 /* Build configuration list for PBXNativeTarget "wordGame" */;
			buildPhases = (
				4B3388892BB4B36400A10A27 /* Sources */,
				4B33888A2BB4B36400A10A27 /* Frameworks */,
				4B33888B2BB4B36400A10A27 /* Resources */,
			);
			buildRules = (
			);
			dependencies = (
			);
			name = wordGame;
			productName = testWordle;
			productReference = 4B33888D2BB4B36400A10A27 /* wordGame.app */;
			productType = "com.apple.product-type.application";
		};
/* End PBXNativeTarget section */

/* Begin PBXProject section */
		4B3388852BB4B36400A10A27 /* Project object */ = {
			isa = PBXProject;
			attributes = {
				BuildIndependentTargetsInParallel = 1;
				LastSwiftUpdateCheck = 1530;
				LastUpgradeCheck = 1530;
				TargetAttributes = {
					4B33888C2BB4B36400A10A27 = {
						CreatedOnToolsVersion = 15.3;
					};
				};
			};
			buildConfigurationList = 4B3388882BB4B36400A10A27 /* Build configuration list for PBXProject "wordGame" */;
			compatibilityVersion = "Xcode 14.0";
			developmentRegion = en;
			hasScannedForEncodings = 0;
			knownRegions = (
				en,
				Base,
			);
			mainGroup = 4B3388842BB4B36400A10A27;
			productRefGroup = 4B33888E2BB4B36400A10A27 /* Products */;
			projectDirPath = "";
			projectRoot = "";
			targets = (
				4B33888C2BB4B36400A10A27 /* wordGame */,
			);
		};
/* End PBXProject section */

/* Begin PBXResourcesBuildPhase section */
		4B33888B2BB4B36400A10A27 /* Resources */ = {
			isa = PBXResourcesBuildPhase;
			buildActionMask = 2147483647;
			files = (
				4B1451942BF5923A00AC667A /* RobotoSlab-Regular.ttf in Resources */,
				4B1451932BF5923A00AC667A /* RobotoSlab-Medium.ttf in Resources */,
				4B1451962BF5923A00AC667A /* RobotoSlab-Thin.ttf in Resources */,
				4B1451972BF5923A00AC667A /* LICENSE.txt in Resources */,
				4B0BEE942BBB836A0007772B /* five_letter_words_hard.txt in Resources */,
				4B14518E2BF5923A00AC667A /* RobotoSlab-Black.ttf in Resources */,
				4B1451982BF5923A00AC667A /* README.txt in Resources */,
				4B14518F2BF5923A00AC667A /* RobotoSlab-Bold.ttf in Resources */,
				4B0BEE932BBB836A0007772B /* five_letter_words_medium.txt in Resources */,
				4B1451992BF5923A00AC667A /* RobotoSlab-VariableFont_wght.ttf in Resources */,
				4B3388982BB4B36600A10A27 /* Preview Assets.xcassets in Resources */,
				4B1451902BF5923A00AC667A /* RobotoSlab-ExtraBold.ttf in Resources */,
				4B1451922BF5923A00AC667A /* RobotoSlab-Light.ttf in Resources */,
				4B1451912BF5923A00AC667A /* RobotoSlab-ExtraLight.ttf in Resources */,
				4B0BEE952BBB836A0007772B /* five_letter_words_easy.txt in Resources */,
				4B1451952BF5923A00AC667A /* RobotoSlab-SemiBold.ttf in Resources */,
				4B3388952BB4B36600A10A27 /* Assets.xcassets in Resources */,
			);
			runOnlyForDeploymentPostprocessing = 0;
		};
/* End PBXResourcesBuildPhase section */

/* Begin PBXSourcesBuildPhase section */
		4B3388892BB4B36400A10A27 /* Sources */ = {
			isa = PBXSourcesBuildPhase;
			buildActionMask = 2147483647;
			files = (
				4B6808762BDB6B2A00E8FE34 /* StatsView.swift in Sources */,
				4BA4CF332BB7BAB100B9F36B /* GameOverViewModel.swift in Sources */,
				4B4FCEB72BEEEE3E005FC154 /* RushStatsView.swift in Sources */,
				4B3388D22BB7583100A10A27 /* WordModel.swift in Sources */,
				4BB0BEC32BBF8D1B003BA895 /* GameSelectView.swift in Sources */,
				4BF6D8F82BD22FA500BEAB39 /* GameSelectViewModel.swift in Sources */,
				4B0BEE992BBB85F10007772B /* SplashScreenView.swift in Sources */,
				4B066F1E2BEC41C6000B0CC1 /* ChartData.swift in Sources */,
				4B3388C82BB5F3F900A10A27 /* KeyboardModel.swift in Sources */,
				4BB0BEB62BBC8ABD003BA895 /* BaseComponenetModel.swift in Sources */,
				4B4FCEB92BEEEF6D005FC154 /* FrenzyStatsView.swift in Sources */,
				4B8167F02BCC5B1D00E3978D /* FrenzyGameViewModel.swift in Sources */,
				4B5DE89D2BE6E5CD0020F690 /* StatsSection.swift in Sources */,
				4B066F0F2BEC4009000B0CC1 /* StandardStats.swift in Sources */,
				4BF6D8F62BD22F7800BEAB39 /* MainMenuViewModel.swift in Sources */,
				4B08AA1F2BC0E40400810F22 /* ScreenSizeUtility.swift in Sources */,
				4B066F172BEC40F9000B0CC1 /* OverviewStats.swift in Sources */,
				4B3388BE2BB4C1C800A10A27 /* WordsCollection.swift in Sources */,
				4B4FCEB02BEC7633005FC154 /* StatsTextItem.swift in Sources */,
				4B9D37B42BE981E7007E6F8E /* StandardSaveModel.swift in Sources */,
				4B6808742BDB60E100E8FE34 /* KeyboardEntryTypeEnum.swift in Sources */,
				4B8167E82BCA0C8300E3978D /* TimerView.swift in Sources */,
				4B092FD22BFEB1160005E866 /* PauseView.swift in Sources */,
				4BFD3E8B2BDB5A9500C0741F /* GameSettingEnums.swift in Sources */,
				4B1CD6442C0FEAA3005B8F0A /* DailySaveModel.swift in Sources */,
				4B9D37BA2BE983C0007E6F8E /* ZenSaveModel.swift in Sources */,
				4B066F152BEC40BC000B0CC1 /* ZenStats.swift in Sources */,
				4B8167D72BC324A400E3978D /* ShakeEffect.swift in Sources */,
				4B3388D02BB6337300A10A27 /* LetterComparisonEnum.swift in Sources */,
				4B3388932BB4B36400A10A27 /* GameModeView.swift in Sources */,
				4B3388C52BB5ED5300A10A27 /* GameboardViewModel.swift in Sources */,
				4B3388C12BB4C4F600A10A27 /* GameBoardView.swift in Sources */,
				4B092FD02BFEAF0C0005E866 /* GameDialogueViewModel.swift in Sources */,
				4B0BEE9B2BBB86220007772B /* MainMenuView.swift in Sources */,
				4BFD3E892BDB568A00C0741F /* SaveDataModel.swift in Sources */,
				4B1426C12BDF405500C10659 /* StatsFilterEnum.swift in Sources */,
				4B6808792BDC6E9200E8FE34 /* StatsValueItem.swift in Sources */,
				4B8167EE2BCC59CB00E3978D /* RushGameViewModel.swift in Sources */,
				4B066F0C2BEC1404000B0CC1 /* DonutChart.swift in Sources */,
				4B8167E12BC8B59600E3978D /* ZenGameViewModel.swift in Sources */,
				4B4FCEB52BEEED83005FC154 /* StandardStatsView.swift in Sources */,
				4B0BEE8E2BB8E6B10007772B /* WordGameViewModel.swift in Sources */,
				4B14519C2BF5987800AC667A /* FontNames.swift in Sources */,
				4B066F112BEC403D000B0CC1 /* RushStats.swift in Sources */,
				4B8167DF2BC6115A00E3978D /* UIColorExtension.swift in Sources */,
				4B1CD6422C0C1541005B8F0A /* DailyViewModel.swift in Sources */,
				4B066F132BEC407F000B0CC1 /* FrenzyStats.swift in Sources */,
				4B066F1C2BEC4193000B0CC1 /* DisplayData.swift in Sources */,
				4BFD3E8D2BDB5AEF00C0741F /* ActiveViewEnum.swift in Sources */,
				4B3388CA2BB5F62700A10A27 /* KeyboardViewModel.swift in Sources */,
				4B8167EA2BCB31E500E3978D /* StandardGameViewModel.swift in Sources */,
				4BB0BEC52BC0B4AB003BA895 /* TransitionsUtility.swift in Sources */,
				4B3388912BB4B36400A10A27 /* wordPuzzleApp.swift in Sources */,
				4B5DE89B2BE352BA0020F690 /* GuessDistributionBarChart.swift in Sources */,
				4B5DE8992BE2D9A60020F690 /* ThreeDButtonView.swift in Sources */,
				4B4FCEBB2BEEEF90005FC154 /* ZenStatsView.swift in Sources */,
				4BF6D8F42BD2161800BEAB39 /* GameModeOptions.swift in Sources */,
				4B4FCEB32BEEEC8C005FC154 /* OverviewStatsView.swift in Sources */,
				4B9D37B12BE97FD0007E6F8E /* BaseProtocol.swift in Sources */,
				4B3388C32BB4DD9400A10A27 /* KeyboardView.swift in Sources */,
				4BFD3E822BD626B700C0741F /* GameOverModel.swift in Sources */,
				4B3388D62BB7A3F800A10A27 /* GameOverView.swift in Sources */,
				4BFD3E842BDB157D00C0741F /* SFAssets.swift in Sources */,
				4B68087B2BDC7AA500E8FE34 /* StatsViewModel.swift in Sources */,
				4B9D37B62BE9832E007E6F8E /* RushSaveModel.swift in Sources */,
				4BF6D8EB2BCF3A1E00BEAB39 /* TimerViewModel.swift in Sources */,
				4BFD3E872BDB167300C0741F /* SystemNames.swift in Sources */,
				4BF6D8FB2BD2FE2300BEAB39 /* GameSelectOptionsView.swift in Sources */,
				4B9D37B82BE9836F007E6F8E /* FrenzySaveModel.swift in Sources */,
				4B3388BB2BB4C13300A10A27 /* GuessWordModel.swift in Sources */,
			);
			runOnlyForDeploymentPostprocessing = 0;
		};
/* End PBXSourcesBuildPhase section */

/* Begin XCBuildConfiguration section */
		4B3388AF2BB4B36600A10A27 /* Debug */ = {
			isa = XCBuildConfiguration;
			buildSettings = {
				ALWAYS_SEARCH_USER_PATHS = NO;
				ASSETCATALOG_COMPILER_GENERATE_SWIFT_ASSET_SYMBOL_EXTENSIONS = YES;
				CLANG_ANALYZER_NONNULL = YES;
				CLANG_ANALYZER_NUMBER_OBJECT_CONVERSION = YES_AGGRESSIVE;
				CLANG_CXX_LANGUAGE_STANDARD = "gnu++20";
				CLANG_ENABLE_MODULES = YES;
				CLANG_ENABLE_OBJC_ARC = YES;
				CLANG_ENABLE_OBJC_WEAK = YES;
				CLANG_WARN_BLOCK_CAPTURE_AUTORELEASING = YES;
				CLANG_WARN_BOOL_CONVERSION = YES;
				CLANG_WARN_COMMA = YES;
				CLANG_WARN_CONSTANT_CONVERSION = YES;
				CLANG_WARN_DEPRECATED_OBJC_IMPLEMENTATIONS = YES;
				CLANG_WARN_DIRECT_OBJC_ISA_USAGE = YES_ERROR;
				CLANG_WARN_DOCUMENTATION_COMMENTS = YES;
				CLANG_WARN_EMPTY_BODY = YES;
				CLANG_WARN_ENUM_CONVERSION = YES;
				CLANG_WARN_INFINITE_RECURSION = YES;
				CLANG_WARN_INT_CONVERSION = YES;
				CLANG_WARN_NON_LITERAL_NULL_CONVERSION = YES;
				CLANG_WARN_OBJC_IMPLICIT_RETAIN_SELF = YES;
				CLANG_WARN_OBJC_LITERAL_CONVERSION = YES;
				CLANG_WARN_OBJC_ROOT_CLASS = YES_ERROR;
				CLANG_WARN_QUOTED_INCLUDE_IN_FRAMEWORK_HEADER = YES;
				CLANG_WARN_RANGE_LOOP_ANALYSIS = YES;
				CLANG_WARN_STRICT_PROTOTYPES = YES;
				CLANG_WARN_SUSPICIOUS_MOVE = YES;
				CLANG_WARN_UNGUARDED_AVAILABILITY = YES_AGGRESSIVE;
				CLANG_WARN_UNREACHABLE_CODE = YES;
				CLANG_WARN__DUPLICATE_METHOD_MATCH = YES;
				COPY_PHASE_STRIP = NO;
				DEBUG_INFORMATION_FORMAT = dwarf;
				ENABLE_STRICT_OBJC_MSGSEND = YES;
				ENABLE_TESTABILITY = YES;
				ENABLE_USER_SCRIPT_SANDBOXING = YES;
				GCC_C_LANGUAGE_STANDARD = gnu17;
				GCC_DYNAMIC_NO_PIC = NO;
				GCC_NO_COMMON_BLOCKS = YES;
				GCC_OPTIMIZATION_LEVEL = 0;
				GCC_PREPROCESSOR_DEFINITIONS = (
					"DEBUG=1",
					"$(inherited)",
				);
				GCC_WARN_64_TO_32_BIT_CONVERSION = YES;
				GCC_WARN_ABOUT_RETURN_TYPE = YES_ERROR;
				GCC_WARN_UNDECLARED_SELECTOR = YES;
				GCC_WARN_UNINITIALIZED_AUTOS = YES_AGGRESSIVE;
				GCC_WARN_UNUSED_FUNCTION = YES;
				GCC_WARN_UNUSED_VARIABLE = YES;
				INFOPLIST_KEY_UIRequiresFullScreen = YES;
				IPHONEOS_DEPLOYMENT_TARGET = 17.0;
				LOCALIZATION_PREFERS_STRING_CATALOGS = YES;
				MTL_ENABLE_DEBUG_INFO = INCLUDE_SOURCE;
				MTL_FAST_MATH = YES;
				ONLY_ACTIVE_ARCH = YES;
				SDKROOT = iphoneos;
				SWIFT_ACTIVE_COMPILATION_CONDITIONS = "DEBUG $(inherited)";
				SWIFT_OPTIMIZATION_LEVEL = "-Onone";
			};
			name = Debug;
		};
		4B3388B02BB4B36600A10A27 /* Release */ = {
			isa = XCBuildConfiguration;
			buildSettings = {
				ALWAYS_SEARCH_USER_PATHS = NO;
				ASSETCATALOG_COMPILER_GENERATE_SWIFT_ASSET_SYMBOL_EXTENSIONS = YES;
				CLANG_ANALYZER_NONNULL = YES;
				CLANG_ANALYZER_NUMBER_OBJECT_CONVERSION = YES_AGGRESSIVE;
				CLANG_CXX_LANGUAGE_STANDARD = "gnu++20";
				CLANG_ENABLE_MODULES = YES;
				CLANG_ENABLE_OBJC_ARC = YES;
				CLANG_ENABLE_OBJC_WEAK = YES;
				CLANG_WARN_BLOCK_CAPTURE_AUTORELEASING = YES;
				CLANG_WARN_BOOL_CONVERSION = YES;
				CLANG_WARN_COMMA = YES;
				CLANG_WARN_CONSTANT_CONVERSION = YES;
				CLANG_WARN_DEPRECATED_OBJC_IMPLEMENTATIONS = YES;
				CLANG_WARN_DIRECT_OBJC_ISA_USAGE = YES_ERROR;
				CLANG_WARN_DOCUMENTATION_COMMENTS = YES;
				CLANG_WARN_EMPTY_BODY = YES;
				CLANG_WARN_ENUM_CONVERSION = YES;
				CLANG_WARN_INFINITE_RECURSION = YES;
				CLANG_WARN_INT_CONVERSION = YES;
				CLANG_WARN_NON_LITERAL_NULL_CONVERSION = YES;
				CLANG_WARN_OBJC_IMPLICIT_RETAIN_SELF = YES;
				CLANG_WARN_OBJC_LITERAL_CONVERSION = YES;
				CLANG_WARN_OBJC_ROOT_CLASS = YES_ERROR;
				CLANG_WARN_QUOTED_INCLUDE_IN_FRAMEWORK_HEADER = YES;
				CLANG_WARN_RANGE_LOOP_ANALYSIS = YES;
				CLANG_WARN_STRICT_PROTOTYPES = YES;
				CLANG_WARN_SUSPICIOUS_MOVE = YES;
				CLANG_WARN_UNGUARDED_AVAILABILITY = YES_AGGRESSIVE;
				CLANG_WARN_UNREACHABLE_CODE = YES;
				CLANG_WARN__DUPLICATE_METHOD_MATCH = YES;
				COPY_PHASE_STRIP = NO;
				DEBUG_INFORMATION_FORMAT = "dwarf-with-dsym";
				ENABLE_NS_ASSERTIONS = NO;
				ENABLE_STRICT_OBJC_MSGSEND = YES;
				ENABLE_USER_SCRIPT_SANDBOXING = YES;
				GCC_C_LANGUAGE_STANDARD = gnu17;
				GCC_NO_COMMON_BLOCKS = YES;
				GCC_WARN_64_TO_32_BIT_CONVERSION = YES;
				GCC_WARN_ABOUT_RETURN_TYPE = YES_ERROR;
				GCC_WARN_UNDECLARED_SELECTOR = YES;
				GCC_WARN_UNINITIALIZED_AUTOS = YES_AGGRESSIVE;
				GCC_WARN_UNUSED_FUNCTION = YES;
				GCC_WARN_UNUSED_VARIABLE = YES;
				INFOPLIST_KEY_UIRequiresFullScreen = YES;
				IPHONEOS_DEPLOYMENT_TARGET = 17.0;
				LOCALIZATION_PREFERS_STRING_CATALOGS = YES;
				MTL_ENABLE_DEBUG_INFO = NO;
				MTL_FAST_MATH = YES;
				SDKROOT = iphoneos;
				SWIFT_COMPILATION_MODE = wholemodule;
				VALIDATE_PRODUCT = YES;
			};
			name = Release;
		};
		4B3388B22BB4B36600A10A27 /* Debug */ = {
			isa = XCBuildConfiguration;
			buildSettings = {
				ASSETCATALOG_COMPILER_APPICON_NAME = AppIcon;
				ASSETCATALOG_COMPILER_GLOBAL_ACCENT_COLOR_NAME = AccentColor;
				CODE_SIGN_STYLE = Automatic;
				CURRENT_PROJECT_VERSION = 1;
				DEVELOPMENT_ASSET_PATHS = "\"WordPuzzle/Preview Content\"";
				DEVELOPMENT_TEAM = WZ6NWM775D;
				ENABLE_PREVIEWS = YES;
				GENERATE_INFOPLIST_FILE = YES;
				INFOPLIST_FILE = "wordGame-Info.plist";
				INFOPLIST_KEY_CFBundleDisplayName = WordIQ;
				INFOPLIST_KEY_LSApplicationCategoryType = "public.app-category.word-games";
				INFOPLIST_KEY_UIApplicationSceneManifest_Generation = YES;
				INFOPLIST_KEY_UIApplicationSupportsIndirectInputEvents = YES;
				INFOPLIST_KEY_UILaunchScreen_Generation = YES;
				INFOPLIST_KEY_UIRequiresFullScreen = YES;
				INFOPLIST_KEY_UISupportedInterfaceOrientations_iPad = "UIInterfaceOrientationPortrait UIInterfaceOrientationPortraitUpsideDown";
				INFOPLIST_KEY_UISupportedInterfaceOrientations_iPhone = UIInterfaceOrientationPortrait;
				IPHONEOS_DEPLOYMENT_TARGET = 17.0;
				LD_RUNPATH_SEARCH_PATHS = (
					"$(inherited)",
					"@executable_path/Frameworks",
				);
				MARKETING_VERSION = 0.1.3;
				PRODUCT_BUNDLE_IDENTIFIER = capygames.wordGame;
				PRODUCT_NAME = "$(TARGET_NAME)";
				SWIFT_EMIT_LOC_STRINGS = YES;
				SWIFT_VERSION = 5.0;
				TARGETED_DEVICE_FAMILY = "1,2";
			};
			name = Debug;
		};
		4B3388B32BB4B36600A10A27 /* Release */ = {
			isa = XCBuildConfiguration;
			buildSettings = {
				ASSETCATALOG_COMPILER_APPICON_NAME = AppIcon;
				ASSETCATALOG_COMPILER_GLOBAL_ACCENT_COLOR_NAME = AccentColor;
				CODE_SIGN_STYLE = Automatic;
				CURRENT_PROJECT_VERSION = 1;
				DEVELOPMENT_ASSET_PATHS = "\"WordPuzzle/Preview Content\"";
				DEVELOPMENT_TEAM = WZ6NWM775D;
				ENABLE_PREVIEWS = YES;
				GENERATE_INFOPLIST_FILE = YES;
				INFOPLIST_FILE = "wordGame-Info.plist";
				INFOPLIST_KEY_CFBundleDisplayName = WordIQ;
				INFOPLIST_KEY_LSApplicationCategoryType = "public.app-category.word-games";
				INFOPLIST_KEY_UIApplicationSceneManifest_Generation = YES;
				INFOPLIST_KEY_UIApplicationSupportsIndirectInputEvents = YES;
				INFOPLIST_KEY_UILaunchScreen_Generation = YES;
				INFOPLIST_KEY_UIRequiresFullScreen = YES;
				INFOPLIST_KEY_UISupportedInterfaceOrientations_iPad = "UIInterfaceOrientationPortrait UIInterfaceOrientationPortraitUpsideDown";
				INFOPLIST_KEY_UISupportedInterfaceOrientations_iPhone = UIInterfaceOrientationPortrait;
				IPHONEOS_DEPLOYMENT_TARGET = 17.0;
				LD_RUNPATH_SEARCH_PATHS = (
					"$(inherited)",
					"@executable_path/Frameworks",
				);
				MARKETING_VERSION = 0.1.3;
				PRODUCT_BUNDLE_IDENTIFIER = capygames.wordGame;
				PRODUCT_NAME = "$(TARGET_NAME)";
				SWIFT_EMIT_LOC_STRINGS = YES;
				SWIFT_VERSION = 5.0;
				TARGETED_DEVICE_FAMILY = "1,2";
			};
			name = Release;
		};
/* End XCBuildConfiguration section */

/* Begin XCConfigurationList section */
		4B3388882BB4B36400A10A27 /* Build configuration list for PBXProject "wordGame" */ = {
			isa = XCConfigurationList;
			buildConfigurations = (
				4B3388AF2BB4B36600A10A27 /* Debug */,
				4B3388B02BB4B36600A10A27 /* Release */,
			);
			defaultConfigurationIsVisible = 0;
			defaultConfigurationName = Release;
		};
		4B3388B12BB4B36600A10A27 /* Build configuration list for PBXNativeTarget "wordGame" */ = {
			isa = XCConfigurationList;
			buildConfigurations = (
				4B3388B22BB4B36600A10A27 /* Debug */,
				4B3388B32BB4B36600A10A27 /* Release */,
			);
			defaultConfigurationIsVisible = 0;
			defaultConfigurationName = Release;
		};
/* End XCConfigurationList section */
	};
	rootObject = 4B3388852BB4B36400A10A27 /* Project object */;
}
