// !$*UTF8*$!
{
	archiveVersion = 1;
	classes = {
	};
	objectVersion = 56;
	objects = {

/* Begin PBXBuildFile section */
		4B08AA1F2BC0E40400810F22 /* ScreenSizeUtility.swift in Sources */ = {isa = PBXBuildFile; fileRef = 4B08AA1E2BC0E40400810F22 /* ScreenSizeUtility.swift */; };
		4B0BEE8E2BB8E6B10007772B /* WordGameViewModel.swift in Sources */ = {isa = PBXBuildFile; fileRef = 4B0BEE8D2BB8E6B10007772B /* WordGameViewModel.swift */; };
		4B0BEE932BBB836A0007772B /* five_letter_words_medium.txt in Resources */ = {isa = PBXBuildFile; fileRef = 4B0BEE902BBB836A0007772B /* five_letter_words_medium.txt */; };
		4B0BEE942BBB836A0007772B /* five_letter_words_hard.txt in Resources */ = {isa = PBXBuildFile; fileRef = 4B0BEE912BBB836A0007772B /* five_letter_words_hard.txt */; };
		4B0BEE952BBB836A0007772B /* five_letter_words_easy.txt in Resources */ = {isa = PBXBuildFile; fileRef = 4B0BEE922BBB836A0007772B /* five_letter_words_easy.txt */; };
		4B0BEE992BBB85F10007772B /* SplashScreenView.swift in Sources */ = {isa = PBXBuildFile; fileRef = 4B0BEE982BBB85F10007772B /* SplashScreenView.swift */; };
		4B0BEE9B2BBB86220007772B /* MainMenuView.swift in Sources */ = {isa = PBXBuildFile; fileRef = 4B0BEE9A2BBB86220007772B /* MainMenuView.swift */; };
		4B3388912BB4B36400A10A27 /* wordPuzzleApp.swift in Sources */ = {isa = PBXBuildFile; fileRef = 4B3388902BB4B36400A10A27 /* wordPuzzleApp.swift */; };
		4B3388932BB4B36400A10A27 /* StandardGameView.swift in Sources */ = {isa = PBXBuildFile; fileRef = 4B3388922BB4B36400A10A27 /* StandardGameView.swift */; };
		4B3388952BB4B36600A10A27 /* Assets.xcassets in Resources */ = {isa = PBXBuildFile; fileRef = 4B3388942BB4B36600A10A27 /* Assets.xcassets */; };
		4B3388982BB4B36600A10A27 /* Preview Assets.xcassets in Resources */ = {isa = PBXBuildFile; fileRef = 4B3388972BB4B36600A10A27 /* Preview Assets.xcassets */; };
		4B3388A22BB4B36600A10A27 /* WordPuzzleTests.swift in Sources */ = {isa = PBXBuildFile; fileRef = 4B3388A12BB4B36600A10A27 /* WordPuzzleTests.swift */; };
		4B3388AC2BB4B36600A10A27 /* WordPuzzleUITests.swift in Sources */ = {isa = PBXBuildFile; fileRef = 4B3388AB2BB4B36600A10A27 /* WordPuzzleUITests.swift */; };
		4B3388AE2BB4B36600A10A27 /* WordPuzzleUITestsLaunchTests.swift in Sources */ = {isa = PBXBuildFile; fileRef = 4B3388AD2BB4B36600A10A27 /* WordPuzzleUITestsLaunchTests.swift */; };
		4B3388BB2BB4C13300A10A27 /* GuessWordModel.swift in Sources */ = {isa = PBXBuildFile; fileRef = 4B3388BA2BB4C13300A10A27 /* GuessWordModel.swift */; };
		4B3388BE2BB4C1C800A10A27 /* WordsCollection.swift in Sources */ = {isa = PBXBuildFile; fileRef = 4B3388BD2BB4C1C800A10A27 /* WordsCollection.swift */; };
		4B3388C12BB4C4F600A10A27 /* GameBoardView.swift in Sources */ = {isa = PBXBuildFile; fileRef = 4B3388C02BB4C4F600A10A27 /* GameBoardView.swift */; };
		4B3388C32BB4DD9400A10A27 /* KeyboardView.swift in Sources */ = {isa = PBXBuildFile; fileRef = 4B3388C22BB4DD9400A10A27 /* KeyboardView.swift */; };
		4B3388C52BB5ED5300A10A27 /* GameboardViewModel.swift in Sources */ = {isa = PBXBuildFile; fileRef = 4B3388C42BB5ED5300A10A27 /* GameboardViewModel.swift */; };
		4B3388C82BB5F3F900A10A27 /* KeyboardModel.swift in Sources */ = {isa = PBXBuildFile; fileRef = 4B3388C72BB5F3F900A10A27 /* KeyboardModel.swift */; };
		4B3388CA2BB5F62700A10A27 /* KeyboardViewModel.swift in Sources */ = {isa = PBXBuildFile; fileRef = 4B3388C92BB5F62700A10A27 /* KeyboardViewModel.swift */; };
		4B3388D02BB6337300A10A27 /* Enums.swift in Sources */ = {isa = PBXBuildFile; fileRef = 4B3388CF2BB6337300A10A27 /* Enums.swift */; };
		4B3388D22BB7583100A10A27 /* WordModel.swift in Sources */ = {isa = PBXBuildFile; fileRef = 4B3388D12BB7583000A10A27 /* WordModel.swift */; };
		4B3388D62BB7A3F800A10A27 /* GameOver.swift in Sources */ = {isa = PBXBuildFile; fileRef = 4B3388D52BB7A3F800A10A27 /* GameOver.swift */; };
		4B8167D72BC324A400E3978D /* ShakeEffect.swift in Sources */ = {isa = PBXBuildFile; fileRef = 4B8167D62BC324A400E3978D /* ShakeEffect.swift */; };
		4B8167D92BC4F26900E3978D /* FrenzyGameView.swift in Sources */ = {isa = PBXBuildFile; fileRef = 4B8167D82BC4F26900E3978D /* FrenzyGameView.swift */; };
		4B8167DB2BC4F27800E3978D /* RushGameView.swift in Sources */ = {isa = PBXBuildFile; fileRef = 4B8167DA2BC4F27800E3978D /* RushGameView.swift */; };
		4B8167DD2BC4F28300E3978D /* ZenGameView.swift in Sources */ = {isa = PBXBuildFile; fileRef = 4B8167DC2BC4F28300E3978D /* ZenGameView.swift */; };
		4B8167DF2BC6115A00E3978D /* UIColorExtension.swift in Sources */ = {isa = PBXBuildFile; fileRef = 4B8167DE2BC6115A00E3978D /* UIColorExtension.swift */; };
		4B8167E12BC8B59600E3978D /* ZenGameViewModel.swift in Sources */ = {isa = PBXBuildFile; fileRef = 4B8167E02BC8B59600E3978D /* ZenGameViewModel.swift */; };
		4B8167E82BCA0C8300E3978D /* TimerView.swift in Sources */ = {isa = PBXBuildFile; fileRef = 4B8167E72BCA0C8300E3978D /* TimerView.swift */; };
		4B8167EA2BCB31E500E3978D /* StandardGameViewModel.swift in Sources */ = {isa = PBXBuildFile; fileRef = 4B8167E92BCB31E500E3978D /* StandardGameViewModel.swift */; };
		4B8167EE2BCC59CB00E3978D /* RushGameViewModel.swift in Sources */ = {isa = PBXBuildFile; fileRef = 4B8167ED2BCC59CB00E3978D /* RushGameViewModel.swift */; };
		4B8167F02BCC5B1D00E3978D /* FrenzyGameViewModel.swift in Sources */ = {isa = PBXBuildFile; fileRef = 4B8167EF2BCC5B1D00E3978D /* FrenzyGameViewModel.swift */; };
		4BA4CF332BB7BAB100B9F36B /* GameOverViewModel.swift in Sources */ = {isa = PBXBuildFile; fileRef = 4BA4CF322BB7BAB100B9F36B /* GameOverViewModel.swift */; };
		4BB0BEB62BBC8ABD003BA895 /* BaseComponenetModel.swift in Sources */ = {isa = PBXBuildFile; fileRef = 4BB0BEB52BBC8ABD003BA895 /* BaseComponenetModel.swift */; };
		4BB0BEC32BBF8D1B003BA895 /* GameSelectView.swift in Sources */ = {isa = PBXBuildFile; fileRef = 4BB0BEC22BBF8D1B003BA895 /* GameSelectView.swift */; };
		4BB0BEC52BC0B4AB003BA895 /* TransitionsUtility.swift in Sources */ = {isa = PBXBuildFile; fileRef = 4BB0BEC42BC0B4AB003BA895 /* TransitionsUtility.swift */; };
/* End PBXBuildFile section */

/* Begin PBXContainerItemProxy section */
		4B33889E2BB4B36600A10A27 /* PBXContainerItemProxy */ = {
			isa = PBXContainerItemProxy;
			containerPortal = 4B3388852BB4B36400A10A27 /* Project object */;
			proxyType = 1;
			remoteGlobalIDString = 4B33888C2BB4B36400A10A27;
			remoteInfo = testWordle;
		};
		4B3388A82BB4B36600A10A27 /* PBXContainerItemProxy */ = {
			isa = PBXContainerItemProxy;
			containerPortal = 4B3388852BB4B36400A10A27 /* Project object */;
			proxyType = 1;
			remoteGlobalIDString = 4B33888C2BB4B36400A10A27;
			remoteInfo = testWordle;
		};
/* End PBXContainerItemProxy section */

/* Begin PBXFileReference section */
		4B08AA1E2BC0E40400810F22 /* ScreenSizeUtility.swift */ = {isa = PBXFileReference; lastKnownFileType = sourcecode.swift; path = ScreenSizeUtility.swift; sourceTree = "<group>"; };
		4B0BEE8D2BB8E6B10007772B /* WordGameViewModel.swift */ = {isa = PBXFileReference; lastKnownFileType = sourcecode.swift; path = WordGameViewModel.swift; sourceTree = "<group>"; };
		4B0BEE902BBB836A0007772B /* five_letter_words_medium.txt */ = {isa = PBXFileReference; fileEncoding = 4; lastKnownFileType = text; name = five_letter_words_medium.txt; path = "../../../Downloads/word lists/five_letter_words_medium.txt"; sourceTree = "<group>"; };
		4B0BEE912BBB836A0007772B /* five_letter_words_hard.txt */ = {isa = PBXFileReference; fileEncoding = 4; lastKnownFileType = text; name = five_letter_words_hard.txt; path = "../../../Downloads/word lists/five_letter_words_hard.txt"; sourceTree = "<group>"; };
		4B0BEE922BBB836A0007772B /* five_letter_words_easy.txt */ = {isa = PBXFileReference; fileEncoding = 4; lastKnownFileType = text; name = five_letter_words_easy.txt; path = "../../../Downloads/word lists/five_letter_words_easy.txt"; sourceTree = "<group>"; };
		4B0BEE982BBB85F10007772B /* SplashScreenView.swift */ = {isa = PBXFileReference; lastKnownFileType = sourcecode.swift; path = SplashScreenView.swift; sourceTree = "<group>"; };
		4B0BEE9A2BBB86220007772B /* MainMenuView.swift */ = {isa = PBXFileReference; lastKnownFileType = sourcecode.swift; path = MainMenuView.swift; sourceTree = "<group>"; };
		4B33888D2BB4B36400A10A27 /* wordGame.app */ = {isa = PBXFileReference; explicitFileType = wrapper.application; includeInIndex = 0; path = wordGame.app; sourceTree = BUILT_PRODUCTS_DIR; };
		4B3388902BB4B36400A10A27 /* wordPuzzleApp.swift */ = {isa = PBXFileReference; lastKnownFileType = sourcecode.swift; path = wordPuzzleApp.swift; sourceTree = "<group>"; };
		4B3388922BB4B36400A10A27 /* StandardGameView.swift */ = {isa = PBXFileReference; lastKnownFileType = sourcecode.swift; path = StandardGameView.swift; sourceTree = "<group>"; };
		4B3388942BB4B36600A10A27 /* Assets.xcassets */ = {isa = PBXFileReference; lastKnownFileType = folder.assetcatalog; path = Assets.xcassets; sourceTree = "<group>"; };
		4B3388972BB4B36600A10A27 /* Preview Assets.xcassets */ = {isa = PBXFileReference; lastKnownFileType = folder.assetcatalog; path = "Preview Assets.xcassets"; sourceTree = "<group>"; };
		4B33889D2BB4B36600A10A27 /* wordGameTests.xctest */ = {isa = PBXFileReference; explicitFileType = wrapper.cfbundle; includeInIndex = 0; path = wordGameTests.xctest; sourceTree = BUILT_PRODUCTS_DIR; };
		4B3388A12BB4B36600A10A27 /* WordPuzzleTests.swift */ = {isa = PBXFileReference; lastKnownFileType = sourcecode.swift; path = WordPuzzleTests.swift; sourceTree = "<group>"; };
		4B3388A72BB4B36600A10A27 /* wordGameUITests.xctest */ = {isa = PBXFileReference; explicitFileType = wrapper.cfbundle; includeInIndex = 0; path = wordGameUITests.xctest; sourceTree = BUILT_PRODUCTS_DIR; };
		4B3388AB2BB4B36600A10A27 /* WordPuzzleUITests.swift */ = {isa = PBXFileReference; lastKnownFileType = sourcecode.swift; path = WordPuzzleUITests.swift; sourceTree = "<group>"; };
		4B3388AD2BB4B36600A10A27 /* WordPuzzleUITestsLaunchTests.swift */ = {isa = PBXFileReference; lastKnownFileType = sourcecode.swift; path = WordPuzzleUITestsLaunchTests.swift; sourceTree = "<group>"; };
		4B3388BA2BB4C13300A10A27 /* GuessWordModel.swift */ = {isa = PBXFileReference; lastKnownFileType = sourcecode.swift; path = GuessWordModel.swift; sourceTree = "<group>"; };
		4B3388BD2BB4C1C800A10A27 /* WordsCollection.swift */ = {isa = PBXFileReference; lastKnownFileType = sourcecode.swift; path = WordsCollection.swift; sourceTree = "<group>"; };
		4B3388C02BB4C4F600A10A27 /* GameBoardView.swift */ = {isa = PBXFileReference; lastKnownFileType = sourcecode.swift; path = GameBoardView.swift; sourceTree = "<group>"; };
		4B3388C22BB4DD9400A10A27 /* KeyboardView.swift */ = {isa = PBXFileReference; lastKnownFileType = sourcecode.swift; path = KeyboardView.swift; sourceTree = "<group>"; };
		4B3388C42BB5ED5300A10A27 /* GameboardViewModel.swift */ = {isa = PBXFileReference; lastKnownFileType = sourcecode.swift; path = GameboardViewModel.swift; sourceTree = "<group>"; };
		4B3388C72BB5F3F900A10A27 /* KeyboardModel.swift */ = {isa = PBXFileReference; lastKnownFileType = sourcecode.swift; path = KeyboardModel.swift; sourceTree = "<group>"; };
		4B3388C92BB5F62700A10A27 /* KeyboardViewModel.swift */ = {isa = PBXFileReference; lastKnownFileType = sourcecode.swift; path = KeyboardViewModel.swift; sourceTree = "<group>"; };
		4B3388CF2BB6337300A10A27 /* Enums.swift */ = {isa = PBXFileReference; lastKnownFileType = sourcecode.swift; path = Enums.swift; sourceTree = "<group>"; };
		4B3388D12BB7583000A10A27 /* WordModel.swift */ = {isa = PBXFileReference; lastKnownFileType = sourcecode.swift; path = WordModel.swift; sourceTree = "<group>"; };
		4B3388D52BB7A3F800A10A27 /* GameOver.swift */ = {isa = PBXFileReference; lastKnownFileType = sourcecode.swift; path = GameOver.swift; sourceTree = "<group>"; };
		4B8167D62BC324A400E3978D /* ShakeEffect.swift */ = {isa = PBXFileReference; lastKnownFileType = sourcecode.swift; path = ShakeEffect.swift; sourceTree = "<group>"; };
		4B8167D82BC4F26900E3978D /* FrenzyGameView.swift */ = {isa = PBXFileReference; lastKnownFileType = sourcecode.swift; path = FrenzyGameView.swift; sourceTree = "<group>"; };
		4B8167DA2BC4F27800E3978D /* RushGameView.swift */ = {isa = PBXFileReference; lastKnownFileType = sourcecode.swift; path = RushGameView.swift; sourceTree = "<group>"; };
		4B8167DC2BC4F28300E3978D /* ZenGameView.swift */ = {isa = PBXFileReference; lastKnownFileType = sourcecode.swift; path = ZenGameView.swift; sourceTree = "<group>"; };
		4B8167DE2BC6115A00E3978D /* UIColorExtension.swift */ = {isa = PBXFileReference; lastKnownFileType = sourcecode.swift; path = UIColorExtension.swift; sourceTree = "<group>"; };
		4B8167E02BC8B59600E3978D /* ZenGameViewModel.swift */ = {isa = PBXFileReference; lastKnownFileType = sourcecode.swift; path = ZenGameViewModel.swift; sourceTree = "<group>"; };
		4B8167E72BCA0C8300E3978D /* TimerView.swift */ = {isa = PBXFileReference; lastKnownFileType = sourcecode.swift; path = TimerView.swift; sourceTree = "<group>"; };
		4B8167E92BCB31E500E3978D /* StandardGameViewModel.swift */ = {isa = PBXFileReference; lastKnownFileType = sourcecode.swift; path = StandardGameViewModel.swift; sourceTree = "<group>"; };
		4B8167ED2BCC59CB00E3978D /* RushGameViewModel.swift */ = {isa = PBXFileReference; lastKnownFileType = sourcecode.swift; path = RushGameViewModel.swift; sourceTree = "<group>"; };
		4B8167EF2BCC5B1D00E3978D /* FrenzyGameViewModel.swift */ = {isa = PBXFileReference; lastKnownFileType = sourcecode.swift; path = FrenzyGameViewModel.swift; sourceTree = "<group>"; };
		4BA4CF322BB7BAB100B9F36B /* GameOverViewModel.swift */ = {isa = PBXFileReference; lastKnownFileType = sourcecode.swift; path = GameOverViewModel.swift; sourceTree = "<group>"; };
		4BB0BEB52BBC8ABD003BA895 /* BaseComponenetModel.swift */ = {isa = PBXFileReference; lastKnownFileType = sourcecode.swift; path = BaseComponenetModel.swift; sourceTree = "<group>"; };
		4BB0BEC22BBF8D1B003BA895 /* GameSelectView.swift */ = {isa = PBXFileReference; lastKnownFileType = sourcecode.swift; path = GameSelectView.swift; sourceTree = "<group>"; };
		4BB0BEC42BC0B4AB003BA895 /* TransitionsUtility.swift */ = {isa = PBXFileReference; lastKnownFileType = sourcecode.swift; path = TransitionsUtility.swift; sourceTree = "<group>"; };
/* End PBXFileReference section */

/* Begin PBXFrameworksBuildPhase section */
		4B33888A2BB4B36400A10A27 /* Frameworks */ = {
			isa = PBXFrameworksBuildPhase;
			buildActionMask = 2147483647;
			files = (
			);
			runOnlyForDeploymentPostprocessing = 0;
		};
		4B33889A2BB4B36600A10A27 /* Frameworks */ = {
			isa = PBXFrameworksBuildPhase;
			buildActionMask = 2147483647;
			files = (
			);
			runOnlyForDeploymentPostprocessing = 0;
		};
		4B3388A42BB4B36600A10A27 /* Frameworks */ = {
			isa = PBXFrameworksBuildPhase;
			buildActionMask = 2147483647;
			files = (
			);
			runOnlyForDeploymentPostprocessing = 0;
		};
/* End PBXFrameworksBuildPhase section */

/* Begin PBXGroup section */
		4B08AA202BC1EB7E00810F22 /* Utilities */ = {
			isa = PBXGroup;
			children = (
				4BB0BEC42BC0B4AB003BA895 /* TransitionsUtility.swift */,
				4B3388CF2BB6337300A10A27 /* Enums.swift */,
				4B08AA1E2BC0E40400810F22 /* ScreenSizeUtility.swift */,
				4B8167D62BC324A400E3978D /* ShakeEffect.swift */,
				4B8167DE2BC6115A00E3978D /* UIColorExtension.swift */,
			);
			path = Utilities;
			sourceTree = "<group>";
		};
		4B0BEE8F2BBB83470007772B /* Word Lists */ = {
			isa = PBXGroup;
			children = (
				4B0BEE922BBB836A0007772B /* five_letter_words_easy.txt */,
				4B0BEE912BBB836A0007772B /* five_letter_words_hard.txt */,
				4B0BEE902BBB836A0007772B /* five_letter_words_medium.txt */,
			);
			path = "Word Lists";
			sourceTree = "<group>";
		};
		4B0BEE962BBB85BD0007772B /* Game Mode Views */ = {
			isa = PBXGroup;
			children = (
				4B3388922BB4B36400A10A27 /* StandardGameView.swift */,
				4B8167D82BC4F26900E3978D /* FrenzyGameView.swift */,
				4B8167DA2BC4F27800E3978D /* RushGameView.swift */,
				4B8167DC2BC4F28300E3978D /* ZenGameView.swift */,
			);
			path = "Game Mode Views";
			sourceTree = "<group>";
		};
		4B0BEE972BBB85CF0007772B /* UI Views */ = {
			isa = PBXGroup;
			children = (
				4B0BEE982BBB85F10007772B /* SplashScreenView.swift */,
				4B0BEE9A2BBB86220007772B /* MainMenuView.swift */,
				4BB0BEC22BBF8D1B003BA895 /* GameSelectView.swift */,
			);
			path = "UI Views";
			sourceTree = "<group>";
		};
		4B3388842BB4B36400A10A27 = {
			isa = PBXGroup;
			children = (
				4B08AA202BC1EB7E00810F22 /* Utilities */,
				4B0BEE8F2BBB83470007772B /* Word Lists */,
				4B3388C62BB5F0AF00A10A27 /* ViewModels */,
				4B3388BF2BB4C4CC00A10A27 /* Views */,
				4B3388BC2BB4C16D00A10A27 /* Models */,
				4B33888F2BB4B36400A10A27 /* WordPuzzle */,
				4B3388A02BB4B36600A10A27 /* WordPuzzleTests */,
				4B3388AA2BB4B36600A10A27 /* WordPuzzleUITests */,
				4B33888E2BB4B36400A10A27 /* Products */,
			);
			sourceTree = "<group>";
		};
		4B33888E2BB4B36400A10A27 /* Products */ = {
			isa = PBXGroup;
			children = (
				4B33888D2BB4B36400A10A27 /* wordGame.app */,
				4B33889D2BB4B36600A10A27 /* wordGameTests.xctest */,
				4B3388A72BB4B36600A10A27 /* wordGameUITests.xctest */,
			);
			name = Products;
			sourceTree = "<group>";
		};
		4B33888F2BB4B36400A10A27 /* WordPuzzle */ = {
			isa = PBXGroup;
			children = (
				4B3388902BB4B36400A10A27 /* wordPuzzleApp.swift */,
				4B3388942BB4B36600A10A27 /* Assets.xcassets */,
				4B3388962BB4B36600A10A27 /* Preview Content */,
			);
			path = WordPuzzle;
			sourceTree = "<group>";
		};
		4B3388962BB4B36600A10A27 /* Preview Content */ = {
			isa = PBXGroup;
			children = (
				4B3388972BB4B36600A10A27 /* Preview Assets.xcassets */,
			);
			path = "Preview Content";
			sourceTree = "<group>";
		};
		4B3388A02BB4B36600A10A27 /* WordPuzzleTests */ = {
			isa = PBXGroup;
			children = (
				4B3388A12BB4B36600A10A27 /* WordPuzzleTests.swift */,
			);
			path = WordPuzzleTests;
			sourceTree = "<group>";
		};
		4B3388AA2BB4B36600A10A27 /* WordPuzzleUITests */ = {
			isa = PBXGroup;
			children = (
				4B3388AB2BB4B36600A10A27 /* WordPuzzleUITests.swift */,
				4B3388AD2BB4B36600A10A27 /* WordPuzzleUITestsLaunchTests.swift */,
			);
			path = WordPuzzleUITests;
			sourceTree = "<group>";
		};
		4B3388BC2BB4C16D00A10A27 /* Models */ = {
			isa = PBXGroup;
			children = (
				4BB0BEC12BBF891B003BA895 /* Component Models */,
				4BB0BEC02BBF8904003BA895 /* Word Models */,
			);
			path = Models;
			sourceTree = "<group>";
		};
		4B3388BF2BB4C4CC00A10A27 /* Views */ = {
			isa = PBXGroup;
			children = (
				4B0BEE972BBB85CF0007772B /* UI Views */,
				4B0BEE962BBB85BD0007772B /* Game Mode Views */,
				4BA4CF342BB8E4BD00B9F36B /* Component Views */,
			);
			path = Views;
			sourceTree = "<group>";
		};
		4B3388C62BB5F0AF00A10A27 /* ViewModels */ = {
			isa = PBXGroup;
			children = (
				4B8167EC2BCB63DC00E3978D /* Components */,
				4B8167EB2BCB63CB00E3978D /* GameModes */,
				4BA4CF322BB7BAB100B9F36B /* GameOverViewModel.swift */,
			);
			path = ViewModels;
			sourceTree = "<group>";
		};
		4B8167EB2BCB63CB00E3978D /* GameModes */ = {
			isa = PBXGroup;
			children = (
				4B8167E02BC8B59600E3978D /* ZenGameViewModel.swift */,
				4B8167E92BCB31E500E3978D /* StandardGameViewModel.swift */,
				4B8167ED2BCC59CB00E3978D /* RushGameViewModel.swift */,
				4B8167EF2BCC5B1D00E3978D /* FrenzyGameViewModel.swift */,
			);
			path = GameModes;
			sourceTree = "<group>";
		};
		4B8167EC2BCB63DC00E3978D /* Components */ = {
			isa = PBXGroup;
			children = (
				4B3388C42BB5ED5300A10A27 /* GameboardViewModel.swift */,
				4B3388C92BB5F62700A10A27 /* KeyboardViewModel.swift */,
				4B0BEE8D2BB8E6B10007772B /* WordGameViewModel.swift */,
			);
			path = Components;
			sourceTree = "<group>";
		};
		4BA4CF342BB8E4BD00B9F36B /* Component Views */ = {
			isa = PBXGroup;
			children = (
				4B3388C02BB4C4F600A10A27 /* GameBoardView.swift */,
				4B3388C22BB4DD9400A10A27 /* KeyboardView.swift */,
				4B3388D52BB7A3F800A10A27 /* GameOver.swift */,
				4B8167E72BCA0C8300E3978D /* TimerView.swift */,
			);
			path = "Component Views";
			sourceTree = "<group>";
		};
		4BB0BEC02BBF8904003BA895 /* Word Models */ = {
			isa = PBXGroup;
			children = (
				4B3388D12BB7583000A10A27 /* WordModel.swift */,
				4B3388BD2BB4C1C800A10A27 /* WordsCollection.swift */,
				4B3388BA2BB4C13300A10A27 /* GuessWordModel.swift */,
			);
			path = "Word Models";
			sourceTree = "<group>";
		};
		4BB0BEC12BBF891B003BA895 /* Component Models */ = {
			isa = PBXGroup;
			children = (
				4BB0BEB52BBC8ABD003BA895 /* BaseComponenetModel.swift */,
				4B3388C72BB5F3F900A10A27 /* KeyboardModel.swift */,
			);
			path = "Component Models";
			sourceTree = "<group>";
		};
/* End PBXGroup section */

/* Begin PBXNativeTarget section */
		4B33888C2BB4B36400A10A27 /* wordGame */ = {
			isa = PBXNativeTarget;
			buildConfigurationList = 4B3388B12BB4B36600A10A27 /* Build configuration list for PBXNativeTarget "wordGame" */;
			buildPhases = (
				4B3388892BB4B36400A10A27 /* Sources */,
				4B33888A2BB4B36400A10A27 /* Frameworks */,
				4B33888B2BB4B36400A10A27 /* Resources */,
			);
			buildRules = (
			);
			dependencies = (
			);
			name = wordGame;
			productName = testWordle;
			productReference = 4B33888D2BB4B36400A10A27 /* wordGame.app */;
			productType = "com.apple.product-type.application";
		};
		4B33889C2BB4B36600A10A27 /* wordGameTests */ = {
			isa = PBXNativeTarget;
			buildConfigurationList = 4B3388B42BB4B36600A10A27 /* Build configuration list for PBXNativeTarget "wordGameTests" */;
			buildPhases = (
				4B3388992BB4B36600A10A27 /* Sources */,
				4B33889A2BB4B36600A10A27 /* Frameworks */,
				4B33889B2BB4B36600A10A27 /* Resources */,
			);
			buildRules = (
			);
			dependencies = (
				4B33889F2BB4B36600A10A27 /* PBXTargetDependency */,
			);
			name = wordGameTests;
			productName = testWordleTests;
			productReference = 4B33889D2BB4B36600A10A27 /* wordGameTests.xctest */;
			productType = "com.apple.product-type.bundle.unit-test";
		};
		4B3388A62BB4B36600A10A27 /* wordGameUITests */ = {
			isa = PBXNativeTarget;
			buildConfigurationList = 4B3388B72BB4B36600A10A27 /* Build configuration list for PBXNativeTarget "wordGameUITests" */;
			buildPhases = (
				4B3388A32BB4B36600A10A27 /* Sources */,
				4B3388A42BB4B36600A10A27 /* Frameworks */,
				4B3388A52BB4B36600A10A27 /* Resources */,
			);
			buildRules = (
			);
			dependencies = (
				4B3388A92BB4B36600A10A27 /* PBXTargetDependency */,
			);
			name = wordGameUITests;
			productName = testWordleUITests;
			productReference = 4B3388A72BB4B36600A10A27 /* wordGameUITests.xctest */;
			productType = "com.apple.product-type.bundle.ui-testing";
		};
/* End PBXNativeTarget section */

/* Begin PBXProject section */
		4B3388852BB4B36400A10A27 /* Project object */ = {
			isa = PBXProject;
			attributes = {
				BuildIndependentTargetsInParallel = 1;
				LastSwiftUpdateCheck = 1530;
				LastUpgradeCheck = 1530;
				TargetAttributes = {
					4B33888C2BB4B36400A10A27 = {
						CreatedOnToolsVersion = 15.3;
					};
					4B33889C2BB4B36600A10A27 = {
						CreatedOnToolsVersion = 15.3;
						TestTargetID = 4B33888C2BB4B36400A10A27;
					};
					4B3388A62BB4B36600A10A27 = {
						CreatedOnToolsVersion = 15.3;
						TestTargetID = 4B33888C2BB4B36400A10A27;
					};
				};
			};
			buildConfigurationList = 4B3388882BB4B36400A10A27 /* Build configuration list for PBXProject "wordGame" */;
			compatibilityVersion = "Xcode 14.0";
			developmentRegion = en;
			hasScannedForEncodings = 0;
			knownRegions = (
				en,
				Base,
			);
			mainGroup = 4B3388842BB4B36400A10A27;
			productRefGroup = 4B33888E2BB4B36400A10A27 /* Products */;
			projectDirPath = "";
			projectRoot = "";
			targets = (
				4B33888C2BB4B36400A10A27 /* wordGame */,
				4B33889C2BB4B36600A10A27 /* wordGameTests */,
				4B3388A62BB4B36600A10A27 /* wordGameUITests */,
			);
		};
/* End PBXProject section */

/* Begin PBXResourcesBuildPhase section */
		4B33888B2BB4B36400A10A27 /* Resources */ = {
			isa = PBXResourcesBuildPhase;
			buildActionMask = 2147483647;
			files = (
				4B0BEE942BBB836A0007772B /* five_letter_words_hard.txt in Resources */,
				4B0BEE932BBB836A0007772B /* five_letter_words_medium.txt in Resources */,
				4B3388982BB4B36600A10A27 /* Preview Assets.xcassets in Resources */,
				4B0BEE952BBB836A0007772B /* five_letter_words_easy.txt in Resources */,
				4B3388952BB4B36600A10A27 /* Assets.xcassets in Resources */,
			);
			runOnlyForDeploymentPostprocessing = 0;
		};
		4B33889B2BB4B36600A10A27 /* Resources */ = {
			isa = PBXResourcesBuildPhase;
			buildActionMask = 2147483647;
			files = (
			);
			runOnlyForDeploymentPostprocessing = 0;
		};
		4B3388A52BB4B36600A10A27 /* Resources */ = {
			isa = PBXResourcesBuildPhase;
			buildActionMask = 2147483647;
			files = (
			);
			runOnlyForDeploymentPostprocessing = 0;
		};
/* End PBXResourcesBuildPhase section */

/* Begin PBXSourcesBuildPhase section */
		4B3388892BB4B36400A10A27 /* Sources */ = {
			isa = PBXSourcesBuildPhase;
			buildActionMask = 2147483647;
			files = (
				4BA4CF332BB7BAB100B9F36B /* GameOverViewModel.swift in Sources */,
				4B3388D22BB7583100A10A27 /* WordModel.swift in Sources */,
				4BB0BEC32BBF8D1B003BA895 /* GameSelectView.swift in Sources */,
				4B0BEE992BBB85F10007772B /* SplashScreenView.swift in Sources */,
				4B3388C82BB5F3F900A10A27 /* KeyboardModel.swift in Sources */,
				4BB0BEB62BBC8ABD003BA895 /* BaseComponenetModel.swift in Sources */,
				4B8167F02BCC5B1D00E3978D /* FrenzyGameViewModel.swift in Sources */,
				4B8167D92BC4F26900E3978D /* FrenzyGameView.swift in Sources */,
				4B08AA1F2BC0E40400810F22 /* ScreenSizeUtility.swift in Sources */,
				4B3388BE2BB4C1C800A10A27 /* WordsCollection.swift in Sources */,
				4B8167E82BCA0C8300E3978D /* TimerView.swift in Sources */,
				4B8167D72BC324A400E3978D /* ShakeEffect.swift in Sources */,
				4B3388D02BB6337300A10A27 /* Enums.swift in Sources */,
				4B3388932BB4B36400A10A27 /* StandardGameView.swift in Sources */,
				4B3388C52BB5ED5300A10A27 /* GameboardViewModel.swift in Sources */,
				4B3388C12BB4C4F600A10A27 /* GameBoardView.swift in Sources */,
				4B8167DD2BC4F28300E3978D /* ZenGameView.swift in Sources */,
				4B0BEE9B2BBB86220007772B /* MainMenuView.swift in Sources */,
				4B8167EE2BCC59CB00E3978D /* RushGameViewModel.swift in Sources */,
				4B8167E12BC8B59600E3978D /* ZenGameViewModel.swift in Sources */,
				4B0BEE8E2BB8E6B10007772B /* WordGameViewModel.swift in Sources */,
				4B8167DF2BC6115A00E3978D /* UIColorExtension.swift in Sources */,
				4B3388CA2BB5F62700A10A27 /* KeyboardViewModel.swift in Sources */,
				4B8167EA2BCB31E500E3978D /* StandardGameViewModel.swift in Sources */,
				4BB0BEC52BC0B4AB003BA895 /* TransitionsUtility.swift in Sources */,
				4B3388912BB4B36400A10A27 /* wordPuzzleApp.swift in Sources */,
				4B8167DB2BC4F27800E3978D /* RushGameView.swift in Sources */,
				4B3388C32BB4DD9400A10A27 /* KeyboardView.swift in Sources */,
				4B3388D62BB7A3F800A10A27 /* GameOver.swift in Sources */,
				4B3388BB2BB4C13300A10A27 /* GuessWordModel.swift in Sources */,
			);
			runOnlyForDeploymentPostprocessing = 0;
		};
		4B3388992BB4B36600A10A27 /* Sources */ = {
			isa = PBXSourcesBuildPhase;
			buildActionMask = 2147483647;
			files = (
				4B3388A22BB4B36600A10A27 /* WordPuzzleTests.swift in Sources */,
			);
			runOnlyForDeploymentPostprocessing = 0;
		};
		4B3388A32BB4B36600A10A27 /* Sources */ = {
			isa = PBXSourcesBuildPhase;
			buildActionMask = 2147483647;
			files = (
				4B3388AC2BB4B36600A10A27 /* WordPuzzleUITests.swift in Sources */,
				4B3388AE2BB4B36600A10A27 /* WordPuzzleUITestsLaunchTests.swift in Sources */,
			);
			runOnlyForDeploymentPostprocessing = 0;
		};
/* End PBXSourcesBuildPhase section */

/* Begin PBXTargetDependency section */
		4B33889F2BB4B36600A10A27 /* PBXTargetDependency */ = {
			isa = PBXTargetDependency;
			target = 4B33888C2BB4B36400A10A27 /* wordGame */;
			targetProxy = 4B33889E2BB4B36600A10A27 /* PBXContainerItemProxy */;
		};
		4B3388A92BB4B36600A10A27 /* PBXTargetDependency */ = {
			isa = PBXTargetDependency;
			target = 4B33888C2BB4B36400A10A27 /* wordGame */;
			targetProxy = 4B3388A82BB4B36600A10A27 /* PBXContainerItemProxy */;
		};
/* End PBXTargetDependency section */

/* Begin XCBuildConfiguration section */
		4B3388AF2BB4B36600A10A27 /* Debug */ = {
			isa = XCBuildConfiguration;
			buildSettings = {
				ALWAYS_SEARCH_USER_PATHS = NO;
				ASSETCATALOG_COMPILER_GENERATE_SWIFT_ASSET_SYMBOL_EXTENSIONS = YES;
				CLANG_ANALYZER_NONNULL = YES;
				CLANG_ANALYZER_NUMBER_OBJECT_CONVERSION = YES_AGGRESSIVE;
				CLANG_CXX_LANGUAGE_STANDARD = "gnu++20";
				CLANG_ENABLE_MODULES = YES;
				CLANG_ENABLE_OBJC_ARC = YES;
				CLANG_ENABLE_OBJC_WEAK = YES;
				CLANG_WARN_BLOCK_CAPTURE_AUTORELEASING = YES;
				CLANG_WARN_BOOL_CONVERSION = YES;
				CLANG_WARN_COMMA = YES;
				CLANG_WARN_CONSTANT_CONVERSION = YES;
				CLANG_WARN_DEPRECATED_OBJC_IMPLEMENTATIONS = YES;
				CLANG_WARN_DIRECT_OBJC_ISA_USAGE = YES_ERROR;
				CLANG_WARN_DOCUMENTATION_COMMENTS = YES;
				CLANG_WARN_EMPTY_BODY = YES;
				CLANG_WARN_ENUM_CONVERSION = YES;
				CLANG_WARN_INFINITE_RECURSION = YES;
				CLANG_WARN_INT_CONVERSION = YES;
				CLANG_WARN_NON_LITERAL_NULL_CONVERSION = YES;
				CLANG_WARN_OBJC_IMPLICIT_RETAIN_SELF = YES;
				CLANG_WARN_OBJC_LITERAL_CONVERSION = YES;
				CLANG_WARN_OBJC_ROOT_CLASS = YES_ERROR;
				CLANG_WARN_QUOTED_INCLUDE_IN_FRAMEWORK_HEADER = YES;
				CLANG_WARN_RANGE_LOOP_ANALYSIS = YES;
				CLANG_WARN_STRICT_PROTOTYPES = YES;
				CLANG_WARN_SUSPICIOUS_MOVE = YES;
				CLANG_WARN_UNGUARDED_AVAILABILITY = YES_AGGRESSIVE;
				CLANG_WARN_UNREACHABLE_CODE = YES;
				CLANG_WARN__DUPLICATE_METHOD_MATCH = YES;
				COPY_PHASE_STRIP = NO;
				DEBUG_INFORMATION_FORMAT = dwarf;
				ENABLE_STRICT_OBJC_MSGSEND = YES;
				ENABLE_TESTABILITY = YES;
				ENABLE_USER_SCRIPT_SANDBOXING = YES;
				GCC_C_LANGUAGE_STANDARD = gnu17;
				GCC_DYNAMIC_NO_PIC = NO;
				GCC_NO_COMMON_BLOCKS = YES;
				GCC_OPTIMIZATION_LEVEL = 0;
				GCC_PREPROCESSOR_DEFINITIONS = (
					"DEBUG=1",
					"$(inherited)",
				);
				GCC_WARN_64_TO_32_BIT_CONVERSION = YES;
				GCC_WARN_ABOUT_RETURN_TYPE = YES_ERROR;
				GCC_WARN_UNDECLARED_SELECTOR = YES;
				GCC_WARN_UNINITIALIZED_AUTOS = YES_AGGRESSIVE;
				GCC_WARN_UNUSED_FUNCTION = YES;
				GCC_WARN_UNUSED_VARIABLE = YES;
				INFOPLIST_KEY_UIRequiresFullScreen = YES;
				IPHONEOS_DEPLOYMENT_TARGET = 17.4;
				LOCALIZATION_PREFERS_STRING_CATALOGS = YES;
				MTL_ENABLE_DEBUG_INFO = INCLUDE_SOURCE;
				MTL_FAST_MATH = YES;
				ONLY_ACTIVE_ARCH = YES;
				SDKROOT = iphoneos;
				SWIFT_ACTIVE_COMPILATION_CONDITIONS = "DEBUG $(inherited)";
				SWIFT_OPTIMIZATION_LEVEL = "-Onone";
			};
			name = Debug;
		};
		4B3388B02BB4B36600A10A27 /* Release */ = {
			isa = XCBuildConfiguration;
			buildSettings = {
				ALWAYS_SEARCH_USER_PATHS = NO;
				ASSETCATALOG_COMPILER_GENERATE_SWIFT_ASSET_SYMBOL_EXTENSIONS = YES;
				CLANG_ANALYZER_NONNULL = YES;
				CLANG_ANALYZER_NUMBER_OBJECT_CONVERSION = YES_AGGRESSIVE;
				CLANG_CXX_LANGUAGE_STANDARD = "gnu++20";
				CLANG_ENABLE_MODULES = YES;
				CLANG_ENABLE_OBJC_ARC = YES;
				CLANG_ENABLE_OBJC_WEAK = YES;
				CLANG_WARN_BLOCK_CAPTURE_AUTORELEASING = YES;
				CLANG_WARN_BOOL_CONVERSION = YES;
				CLANG_WARN_COMMA = YES;
				CLANG_WARN_CONSTANT_CONVERSION = YES;
				CLANG_WARN_DEPRECATED_OBJC_IMPLEMENTATIONS = YES;
				CLANG_WARN_DIRECT_OBJC_ISA_USAGE = YES_ERROR;
				CLANG_WARN_DOCUMENTATION_COMMENTS = YES;
				CLANG_WARN_EMPTY_BODY = YES;
				CLANG_WARN_ENUM_CONVERSION = YES;
				CLANG_WARN_INFINITE_RECURSION = YES;
				CLANG_WARN_INT_CONVERSION = YES;
				CLANG_WARN_NON_LITERAL_NULL_CONVERSION = YES;
				CLANG_WARN_OBJC_IMPLICIT_RETAIN_SELF = YES;
				CLANG_WARN_OBJC_LITERAL_CONVERSION = YES;
				CLANG_WARN_OBJC_ROOT_CLASS = YES_ERROR;
				CLANG_WARN_QUOTED_INCLUDE_IN_FRAMEWORK_HEADER = YES;
				CLANG_WARN_RANGE_LOOP_ANALYSIS = YES;
				CLANG_WARN_STRICT_PROTOTYPES = YES;
				CLANG_WARN_SUSPICIOUS_MOVE = YES;
				CLANG_WARN_UNGUARDED_AVAILABILITY = YES_AGGRESSIVE;
				CLANG_WARN_UNREACHABLE_CODE = YES;
				CLANG_WARN__DUPLICATE_METHOD_MATCH = YES;
				COPY_PHASE_STRIP = NO;
				DEBUG_INFORMATION_FORMAT = "dwarf-with-dsym";
				ENABLE_NS_ASSERTIONS = NO;
				ENABLE_STRICT_OBJC_MSGSEND = YES;
				ENABLE_USER_SCRIPT_SANDBOXING = YES;
				GCC_C_LANGUAGE_STANDARD = gnu17;
				GCC_NO_COMMON_BLOCKS = YES;
				GCC_WARN_64_TO_32_BIT_CONVERSION = YES;
				GCC_WARN_ABOUT_RETURN_TYPE = YES_ERROR;
				GCC_WARN_UNDECLARED_SELECTOR = YES;
				GCC_WARN_UNINITIALIZED_AUTOS = YES_AGGRESSIVE;
				GCC_WARN_UNUSED_FUNCTION = YES;
				GCC_WARN_UNUSED_VARIABLE = YES;
				INFOPLIST_KEY_UIRequiresFullScreen = YES;
				IPHONEOS_DEPLOYMENT_TARGET = 17.4;
				LOCALIZATION_PREFERS_STRING_CATALOGS = YES;
				MTL_ENABLE_DEBUG_INFO = NO;
				MTL_FAST_MATH = YES;
				SDKROOT = iphoneos;
				SWIFT_COMPILATION_MODE = wholemodule;
				VALIDATE_PRODUCT = YES;
			};
			name = Release;
		};
		4B3388B22BB4B36600A10A27 /* Debug */ = {
			isa = XCBuildConfiguration;
			buildSettings = {
				ASSETCATALOG_COMPILER_APPICON_NAME = AppIcon;
				ASSETCATALOG_COMPILER_GLOBAL_ACCENT_COLOR_NAME = AccentColor;
				CODE_SIGN_STYLE = Automatic;
				CURRENT_PROJECT_VERSION = 1;
				DEVELOPMENT_ASSET_PATHS = "\"WordPuzzle/Preview Content\"";
				DEVELOPMENT_TEAM = WZ6NWM775D;
				ENABLE_PREVIEWS = YES;
				GENERATE_INFOPLIST_FILE = YES;
				INFOPLIST_KEY_UIApplicationSceneManifest_Generation = YES;
				INFOPLIST_KEY_UIApplicationSupportsIndirectInputEvents = YES;
				INFOPLIST_KEY_UILaunchScreen_Generation = YES;
				INFOPLIST_KEY_UISupportedInterfaceOrientations_iPad = "UIInterfaceOrientationPortrait UIInterfaceOrientationPortraitUpsideDown";
				INFOPLIST_KEY_UISupportedInterfaceOrientations_iPhone = UIInterfaceOrientationPortrait;
				LD_RUNPATH_SEARCH_PATHS = (
					"$(inherited)",
					"@executable_path/Frameworks",
				);
				MARKETING_VERSION = 1.0;
				PRODUCT_BUNDLE_IDENTIFIER = capygames.wordGame;
				PRODUCT_NAME = "$(TARGET_NAME)";
				SWIFT_EMIT_LOC_STRINGS = YES;
				SWIFT_VERSION = 5.0;
				TARGETED_DEVICE_FAMILY = "1,2";
			};
			name = Debug;
		};
		4B3388B32BB4B36600A10A27 /* Release */ = {
			isa = XCBuildConfiguration;
			buildSettings = {
				ASSETCATALOG_COMPILER_APPICON_NAME = AppIcon;
				ASSETCATALOG_COMPILER_GLOBAL_ACCENT_COLOR_NAME = AccentColor;
				CODE_SIGN_STYLE = Automatic;
				CURRENT_PROJECT_VERSION = 1;
				DEVELOPMENT_ASSET_PATHS = "\"WordPuzzle/Preview Content\"";
				DEVELOPMENT_TEAM = WZ6NWM775D;
				ENABLE_PREVIEWS = YES;
				GENERATE_INFOPLIST_FILE = YES;
				INFOPLIST_KEY_UIApplicationSceneManifest_Generation = YES;
				INFOPLIST_KEY_UIApplicationSupportsIndirectInputEvents = YES;
				INFOPLIST_KEY_UILaunchScreen_Generation = YES;
				INFOPLIST_KEY_UISupportedInterfaceOrientations_iPad = "UIInterfaceOrientationPortrait UIInterfaceOrientationPortraitUpsideDown";
				INFOPLIST_KEY_UISupportedInterfaceOrientations_iPhone = UIInterfaceOrientationPortrait;
				LD_RUNPATH_SEARCH_PATHS = (
					"$(inherited)",
					"@executable_path/Frameworks",
				);
				MARKETING_VERSION = 1.0;
				PRODUCT_BUNDLE_IDENTIFIER = capygames.wordGame;
				PRODUCT_NAME = "$(TARGET_NAME)";
				SWIFT_EMIT_LOC_STRINGS = YES;
				SWIFT_VERSION = 5.0;
				TARGETED_DEVICE_FAMILY = "1,2";
			};
			name = Release;
		};
		4B3388B52BB4B36600A10A27 /* Debug */ = {
			isa = XCBuildConfiguration;
			buildSettings = {
				ALWAYS_EMBED_SWIFT_STANDARD_LIBRARIES = YES;
				BUNDLE_LOADER = "$(TEST_HOST)";
				CODE_SIGN_STYLE = Automatic;
				CURRENT_PROJECT_VERSION = 1;
				GENERATE_INFOPLIST_FILE = YES;
				IPHONEOS_DEPLOYMENT_TARGET = 17.4;
				MARKETING_VERSION = 1.0;
				PRODUCT_BUNDLE_IDENTIFIER = capygames.testWordleTests;
				PRODUCT_NAME = "$(TARGET_NAME)";
				SWIFT_EMIT_LOC_STRINGS = NO;
				SWIFT_VERSION = 5.0;
				TARGETED_DEVICE_FAMILY = "1,2";
				TEST_HOST = "$(BUILT_PRODUCTS_DIR)/wordGame.app/$(BUNDLE_EXECUTABLE_FOLDER_PATH)/wordGame";
			};
			name = Debug;
		};
		4B3388B62BB4B36600A10A27 /* Release */ = {
			isa = XCBuildConfiguration;
			buildSettings = {
				ALWAYS_EMBED_SWIFT_STANDARD_LIBRARIES = YES;
				BUNDLE_LOADER = "$(TEST_HOST)";
				CODE_SIGN_STYLE = Automatic;
				CURRENT_PROJECT_VERSION = 1;
				GENERATE_INFOPLIST_FILE = YES;
				IPHONEOS_DEPLOYMENT_TARGET = 17.4;
				MARKETING_VERSION = 1.0;
				PRODUCT_BUNDLE_IDENTIFIER = capygames.testWordleTests;
				PRODUCT_NAME = "$(TARGET_NAME)";
				SWIFT_EMIT_LOC_STRINGS = NO;
				SWIFT_VERSION = 5.0;
				TARGETED_DEVICE_FAMILY = "1,2";
				TEST_HOST = "$(BUILT_PRODUCTS_DIR)/wordGame.app/$(BUNDLE_EXECUTABLE_FOLDER_PATH)/wordGame";
			};
			name = Release;
		};
		4B3388B82BB4B36600A10A27 /* Debug */ = {
			isa = XCBuildConfiguration;
			buildSettings = {
				ALWAYS_EMBED_SWIFT_STANDARD_LIBRARIES = YES;
				CODE_SIGN_STYLE = Automatic;
				CURRENT_PROJECT_VERSION = 1;
				GENERATE_INFOPLIST_FILE = YES;
				MARKETING_VERSION = 1.0;
				PRODUCT_BUNDLE_IDENTIFIER = capygames.testWordleUITests;
				PRODUCT_NAME = "$(TARGET_NAME)";
				SWIFT_EMIT_LOC_STRINGS = NO;
				SWIFT_VERSION = 5.0;
				TARGETED_DEVICE_FAMILY = "1,2";
				TEST_TARGET_NAME = testWordle;
			};
			name = Debug;
		};
		4B3388B92BB4B36600A10A27 /* Release */ = {
			isa = XCBuildConfiguration;
			buildSettings = {
				ALWAYS_EMBED_SWIFT_STANDARD_LIBRARIES = YES;
				CODE_SIGN_STYLE = Automatic;
				CURRENT_PROJECT_VERSION = 1;
				GENERATE_INFOPLIST_FILE = YES;
				MARKETING_VERSION = 1.0;
				PRODUCT_BUNDLE_IDENTIFIER = capygames.testWordleUITests;
				PRODUCT_NAME = "$(TARGET_NAME)";
				SWIFT_EMIT_LOC_STRINGS = NO;
				SWIFT_VERSION = 5.0;
				TARGETED_DEVICE_FAMILY = "1,2";
				TEST_TARGET_NAME = testWordle;
			};
			name = Release;
		};
/* End XCBuildConfiguration section */

/* Begin XCConfigurationList section */
		4B3388882BB4B36400A10A27 /* Build configuration list for PBXProject "wordGame" */ = {
			isa = XCConfigurationList;
			buildConfigurations = (
				4B3388AF2BB4B36600A10A27 /* Debug */,
				4B3388B02BB4B36600A10A27 /* Release */,
			);
			defaultConfigurationIsVisible = 0;
			defaultConfigurationName = Release;
		};
		4B3388B12BB4B36600A10A27 /* Build configuration list for PBXNativeTarget "wordGame" */ = {
			isa = XCConfigurationList;
			buildConfigurations = (
				4B3388B22BB4B36600A10A27 /* Debug */,
				4B3388B32BB4B36600A10A27 /* Release */,
			);
			defaultConfigurationIsVisible = 0;
			defaultConfigurationName = Release;
		};
		4B3388B42BB4B36600A10A27 /* Build configuration list for PBXNativeTarget "wordGameTests" */ = {
			isa = XCConfigurationList;
			buildConfigurations = (
				4B3388B52BB4B36600A10A27 /* Debug */,
				4B3388B62BB4B36600A10A27 /* Release */,
			);
			defaultConfigurationIsVisible = 0;
			defaultConfigurationName = Release;
		};
		4B3388B72BB4B36600A10A27 /* Build configuration list for PBXNativeTarget "wordGameUITests" */ = {
			isa = XCConfigurationList;
			buildConfigurations = (
				4B3388B82BB4B36600A10A27 /* Debug */,
				4B3388B92BB4B36600A10A27 /* Release */,
			);
			defaultConfigurationIsVisible = 0;
			defaultConfigurationName = Release;
		};
/* End XCConfigurationList section */
	};
	rootObject = 4B3388852BB4B36400A10A27 /* Project object */;
}
